
Microsoft Visual Studio Solution File, Format Version 12.00
# Visual Studio 15
Project("{FAE04EC0-301F-11D3-BF4B-00C04F79EFBC}") = "Microsoft.MixedReality.Toolkit.Providers.OpenVR", "Microsoft.MixedReality.Toolkit.Providers.OpenVR.csproj", "{69B35F19-AA9A-7221-AB45-3A801A1ED6B7}"
EndProject
Project("{FAE04EC0-301F-11D3-BF4B-00C04F79EFBC}") = "Microsoft.MixedReality.Toolkit", "Microsoft.MixedReality.Toolkit.csproj", "{38D73391-48F6-92E5-92E4-19FCD60E1F47}"
EndProject
Project("{FAE04EC0-301F-11D3-BF4B-00C04F79EFBC}") = "Microsoft.MixedReality.Toolkit.SDK", "Microsoft.MixedReality.Toolkit.SDK.csproj", "{AE8E5C4B-1C59-DA4D-8DD5-560F5B5F0A94}"
EndProject
Project("{FAE04EC0-301F-11D3-BF4B-00C04F79EFBC}") = "Microsoft.MixedReality.Toolkit.Services.SpatialAwarenessSystem", "Microsoft.MixedReality.Toolkit.Services.SpatialAwarenessSystem.csproj", "{97D334D5-B5C4-842B-9A3B-26F31B385B9E}"
EndProject
Project("{FAE04EC0-301F-11D3-BF4B-00C04F79EFBC}") = "Microsoft.MixedReality.Toolkit.Utilities.Gltf", "Microsoft.MixedReality.Toolkit.Utilities.Gltf.csproj", "{904601E9-B0B2-B5F0-2820-CD4B44C58B34}"
EndProject
Project("{FAE04EC0-301F-11D3-BF4B-00C04F79EFBC}") = "Microsoft.MixedReality.Toolkit.Services.InputSystem", "Microsoft.MixedReality.Toolkit.Services.InputSystem.csproj", "{E658A25B-446D-8CAB-5531-A6CB2611D6A3}"
EndProject
Project("{FAE04EC0-301F-11D3-BF4B-00C04F79EFBC}") = "Microsoft.MixedReality.Toolkit.Services.DiagnosticsSystem", "Microsoft.MixedReality.Toolkit.Services.DiagnosticsSystem.csproj", "{38C182CA-FE59-62CC-8E78-9C14E89CDDC3}"
EndProject
Project("{FAE04EC0-301F-11D3-BF4B-00C04F79EFBC}") = "Microsoft.MixedReality.Toolkit.Core.Utilities.Async", "Microsoft.MixedReality.Toolkit.Core.Utilities.Async.csproj", "{98AC84DA-3BDC-9CFE-8390-0C196ADC1670}"
EndProject
Project("{FAE04EC0-301F-11D3-BF4B-00C04F79EFBC}") = "Microsoft.MixedReality.Toolkit.Providers.WindowsMixedReality", "Microsoft.MixedReality.Toolkit.Providers.WindowsMixedReality.csproj", "{77F4BF58-FD00-B6A4-006D-95E818890731}"
EndProject
Project("{FAE04EC0-301F-11D3-BF4B-00C04F79EFBC}") = "Microsoft.MixedReality.Toolkit.Providers.WindowsVoiceInput", "Microsoft.MixedReality.Toolkit.Providers.WindowsVoiceInput.csproj", "{2977B868-FB99-CF1B-2AE9-83905A1DDDA1}"
EndProject
Project("{FAE04EC0-301F-11D3-BF4B-00C04F79EFBC}") = "Microsoft.MixedReality.Toolkit.Services.TeleportSystem", "Microsoft.MixedReality.Toolkit.Services.TeleportSystem.csproj", "{A54D296A-6E35-88AA-702F-AB8912BDB734}"
EndProject
Project("{FAE04EC0-301F-11D3-BF4B-00C04F79EFBC}") = "Microsoft.MixedReality.Toolkit.Services.BoundarySystem", "Microsoft.MixedReality.Toolkit.Services.BoundarySystem.csproj", "{943E4764-8281-FA02-B8CE-4591050FC8D2}"
EndProject
Project("{FAE04EC0-301F-11D3-BF4B-00C04F79EFBC}") = "Microsoft.MixedReality.Toolkit.SDK.Inspectors", "Microsoft.MixedReality.Toolkit.SDK.Inspectors.csproj", "{C29F9F9C-5CA7-F338-F169-886675AF4E99}"
EndProject
Project("{FAE04EC0-301F-11D3-BF4B-00C04F79EFBC}") = "Microsoft.MixedReality.Toolkit.Core.Inspectors", "Microsoft.MixedReality.Toolkit.Core.Inspectors.csproj", "{092EDFE5-A791-0E56-16AC-571091957009}"
EndProject
Project("{FAE04EC0-301F-11D3-BF4B-00C04F79EFBC}") = "Microsoft.MixedReality.Toolkit.Core.Utilities.Editor", "Microsoft.MixedReality.Toolkit.Core.Utilities.Editor.csproj", "{7957E9EB-0925-08AE-7181-4D73839DA788}"
EndProject
Project("{FAE04EC0-301F-11D3-BF4B-00C04F79EFBC}") = "Microsoft.MixedReality.Toolkit.Services.InputSimulation", "Microsoft.MixedReality.Toolkit.Services.InputSimulation.csproj", "{C3B4D494-DB32-49BE-80AD-473E2B532123}"
EndProject
Project("{FAE04EC0-301F-11D3-BF4B-00C04F79EFBC}") = "Microsoft.MixedReality.Toolkit.Utilities.Gltf.Importers", "Microsoft.MixedReality.Toolkit.Utilities.Gltf.Importers.csproj", "{2D735847-7841-2061-5BBE-D4A69C40040C}"
EndProject
Project("{FAE04EC0-301F-11D3-BF4B-00C04F79EFBC}") = "Microsoft.MixedReality.Toolkit.Core.Build", "Microsoft.MixedReality.Toolkit.Core.Build.csproj", "{E9512F5E-5004-3121-E8F5-2F47818A41F7}"
EndProject
Project("{FAE04EC0-301F-11D3-BF4B-00C04F79EFBC}") = "Microsoft.MixedReality.Toolkit.Core.Definitions.Utilities.Editor", "Microsoft.MixedReality.Toolkit.Core.Definitions.Utilities.Editor.csproj", "{B224413C-A6AE-116B-7807-ACEED69C85AC}"
EndProject
Project("{FAE04EC0-301F-11D3-BF4B-00C04F79EFBC}") = "Microsoft.MixedReality.Toolkit.Services.InputSimulation.Inspectors", "Microsoft.MixedReality.Toolkit.Services.InputSimulation.Inspectors.csproj", "{6B1AD4C9-7D9E-524E-5D41-B6C2E4D0E1FE}"
EndProject
Project("{FAE04EC0-301F-11D3-BF4B-00C04F79EFBC}") = "Microsoft.MixedReality.Toolkit.Services.InputSystem.Inspectors", "Microsoft.MixedReality.Toolkit.Services.InputSystem.Inspectors.csproj", "{5297EA65-3DE0-DB45-4CA2-FA19BCC67150}"
EndProject
Project("{FAE04EC0-301F-11D3-BF4B-00C04F79EFBC}") = "Microsoft.MixedReality.Toolkit.Core.Extensions.EditorClassExtensions", "Microsoft.MixedReality.Toolkit.Core.Extensions.EditorClassExtensions.csproj", "{1815F694-632A-FB71-3695-64DEE8527409}"
EndProject
Project("{FAE04EC0-301F-11D3-BF4B-00C04F79EFBC}") = "Microsoft.MixedReality.Toolkit.Player", "Microsoft.MixedReality.Toolkit.Player.csproj", "{727B8E52-3D66-AE7B-BD38-F9D8FD88DD56}"
EndProject
Project("{FAE04EC0-301F-11D3-BF4B-00C04F79EFBC}") = "Microsoft.MixedReality.Toolkit.SDK.Player", "Microsoft.MixedReality.Toolkit.SDK.Player.csproj", "{ECBB42D1-A9C2-40B6-41A6-BA9CA760A185}"
EndProject
Project("{FAE04EC0-301F-11D3-BF4B-00C04F79EFBC}") = "Microsoft.MixedReality.Toolkit.Services.SpatialAwarenessSystem.Player", "Microsoft.MixedReality.Toolkit.Services.SpatialAwarenessSystem.Player.csproj", "{BA2FB561-2A3F-E7AB-3761-5B90784852F5}"
EndProject
Project("{FAE04EC0-301F-11D3-BF4B-00C04F79EFBC}") = "Unity.TextMeshPro.Player", "Unity.TextMeshPro.Player.csproj", "{F1CA471D-22AC-18A9-132D-9C670FF66678}"
EndProject
Project("{FAE04EC0-301F-11D3-BF4B-00C04F79EFBC}") = "Microsoft.MixedReality.Toolkit.Utilities.Gltf.Player", "Microsoft.MixedReality.Toolkit.Utilities.Gltf.Player.csproj", "{E4856E8A-0DA2-71AC-9A64-3E44734F583A}"
EndProject
Project("{FAE04EC0-301F-11D3-BF4B-00C04F79EFBC}") = "Unity.Analytics.DataPrivacy.Player", "Unity.Analytics.DataPrivacy.Player.csproj", "{42411805-2A76-B786-50D5-240EEE2DE49C}"
EndProject
Project("{FAE04EC0-301F-11D3-BF4B-00C04F79EFBC}") = "Microsoft.MixedReality.Toolkit.Services.InputSystem.Player", "Microsoft.MixedReality.Toolkit.Services.InputSystem.Player.csproj", "{1D02E31F-51C1-523C-5B60-68B5D4D47551}"
EndProject
Project("{FAE04EC0-301F-11D3-BF4B-00C04F79EFBC}") = "Unity.XR.WindowsMR.Player", "Unity.XR.WindowsMR.Player.csproj", "{83F5DC8B-F4E3-DE24-5B63-E900B5A94812}"
EndProject
Project("{FAE04EC0-301F-11D3-BF4B-00C04F79EFBC}") = "Microsoft.MixedReality.Toolkit.Services.DiagnosticsSystem.Player", "Microsoft.MixedReality.Toolkit.Services.DiagnosticsSystem.Player.csproj", "{D90CE579-1DB1-9FC7-8189-451F996ACB27}"
EndProject
Project("{FAE04EC0-301F-11D3-BF4B-00C04F79EFBC}") = "Microsoft.MixedReality.Toolkit.Core.Utilities.Async.Player", "Microsoft.MixedReality.Toolkit.Core.Utilities.Async.Player.csproj", "{93D4B50D-1997-4325-9D9A-819B94F06722}"
EndProject
Project("{FAE04EC0-301F-11D3-BF4B-00C04F79EFBC}") = "Microsoft.MixedReality.Toolkit.Providers.WindowsMixedReality.Player", "Microsoft.MixedReality.Toolkit.Providers.WindowsMixedReality.Player.csproj", "{CB6607B2-6A1E-E789-F581-855AD50EA17B}"
EndProject
Project("{FAE04EC0-301F-11D3-BF4B-00C04F79EFBC}") = "Microsoft.MixedReality.Toolkit.Providers.WindowsVoiceInput.Player", "Microsoft.MixedReality.Toolkit.Providers.WindowsVoiceInput.Player.csproj", "{F2BCBB74-6AC0-BB8F-3C3A-0A17D53927D9}"
EndProject
Project("{FAE04EC0-301F-11D3-BF4B-00C04F79EFBC}") = "Microsoft.MixedReality.Toolkit.Services.TeleportSystem.Player", "Microsoft.MixedReality.Toolkit.Services.TeleportSystem.Player.csproj", "{09B7D19C-D603-94A7-6511-2970C3BE8708}"
EndProject
Project("{FAE04EC0-301F-11D3-BF4B-00C04F79EFBC}") = "Microsoft.MixedReality.Toolkit.Services.BoundarySystem.Player", "Microsoft.MixedReality.Toolkit.Services.BoundarySystem.Player.csproj", "{553B34A8-321C-F187-21A8-61C2784BE429}"
EndProject
Global
	GlobalSection(SolutionConfigurationPlatforms) = preSolution
		Debug|Any CPU = Debug|Any CPU
		Release|Any CPU = Release|Any CPU
	EndGlobalSection
	GlobalSection(ProjectConfigurationPlatforms) = postSolution
		{69B35F19-AA9A-7221-AB45-3A801A1ED6B7}.Debug|Any CPU.ActiveCfg = Debug|Any CPU
		{69B35F19-AA9A-7221-AB45-3A801A1ED6B7}.Debug|Any CPU.Build.0 = Debug|Any CPU
		{69B35F19-AA9A-7221-AB45-3A801A1ED6B7}.Release|Any CPU.ActiveCfg = Release|Any CPU
		{69B35F19-AA9A-7221-AB45-3A801A1ED6B7}.Release|Any CPU.Build.0 = Release|Any CPU
		{38D73391-48F6-92E5-92E4-19FCD60E1F47}.Debug|Any CPU.ActiveCfg = Debug|Any CPU
		{38D73391-48F6-92E5-92E4-19FCD60E1F47}.Debug|Any CPU.Build.0 = Debug|Any CPU
		{38D73391-48F6-92E5-92E4-19FCD60E1F47}.Release|Any CPU.ActiveCfg = Release|Any CPU
		{38D73391-48F6-92E5-92E4-19FCD60E1F47}.Release|Any CPU.Build.0 = Release|Any CPU
		{AE8E5C4B-1C59-DA4D-8DD5-560F5B5F0A94}.Debug|Any CPU.ActiveCfg = Debug|Any CPU
		{AE8E5C4B-1C59-DA4D-8DD5-560F5B5F0A94}.Debug|Any CPU.Build.0 = Debug|Any CPU
		{AE8E5C4B-1C59-DA4D-8DD5-560F5B5F0A94}.Release|Any CPU.ActiveCfg = Release|Any CPU
		{AE8E5C4B-1C59-DA4D-8DD5-560F5B5F0A94}.Release|Any CPU.Build.0 = Release|Any CPU
		{97D334D5-B5C4-842B-9A3B-26F31B385B9E}.Debug|Any CPU.ActiveCfg = Debug|Any CPU
		{97D334D5-B5C4-842B-9A3B-26F31B385B9E}.Debug|Any CPU.Build.0 = Debug|Any CPU
		{97D334D5-B5C4-842B-9A3B-26F31B385B9E}.Release|Any CPU.ActiveCfg = Release|Any CPU
		{97D334D5-B5C4-842B-9A3B-26F31B385B9E}.Release|Any CPU.Build.0 = Release|Any CPU
		{904601E9-B0B2-B5F0-2820-CD4B44C58B34}.Debug|Any CPU.ActiveCfg = Debug|Any CPU
		{904601E9-B0B2-B5F0-2820-CD4B44C58B34}.Debug|Any CPU.Build.0 = Debug|Any CPU
		{904601E9-B0B2-B5F0-2820-CD4B44C58B34}.Release|Any CPU.ActiveCfg = Release|Any CPU
		{904601E9-B0B2-B5F0-2820-CD4B44C58B34}.Release|Any CPU.Build.0 = Release|Any CPU
		{E658A25B-446D-8CAB-5531-A6CB2611D6A3}.Debug|Any CPU.ActiveCfg = Debug|Any CPU
		{E658A25B-446D-8CAB-5531-A6CB2611D6A3}.Debug|Any CPU.Build.0 = Debug|Any CPU
		{E658A25B-446D-8CAB-5531-A6CB2611D6A3}.Release|Any CPU.ActiveCfg = Release|Any CPU
		{E658A25B-446D-8CAB-5531-A6CB2611D6A3}.Release|Any CPU.Build.0 = Release|Any CPU
		{38C182CA-FE59-62CC-8E78-9C14E89CDDC3}.Debug|Any CPU.ActiveCfg = Debug|Any CPU
		{38C182CA-FE59-62CC-8E78-9C14E89CDDC3}.Debug|Any CPU.Build.0 = Debug|Any CPU
		{38C182CA-FE59-62CC-8E78-9C14E89CDDC3}.Release|Any CPU.ActiveCfg = Release|Any CPU
		{38C182CA-FE59-62CC-8E78-9C14E89CDDC3}.Release|Any CPU.Build.0 = Release|Any CPU
		{98AC84DA-3BDC-9CFE-8390-0C196ADC1670}.Debug|Any CPU.ActiveCfg = Debug|Any CPU
		{98AC84DA-3BDC-9CFE-8390-0C196ADC1670}.Debug|Any CPU.Build.0 = Debug|Any CPU
		{98AC84DA-3BDC-9CFE-8390-0C196ADC1670}.Release|Any CPU.ActiveCfg = Release|Any CPU
		{98AC84DA-3BDC-9CFE-8390-0C196ADC1670}.Release|Any CPU.Build.0 = Release|Any CPU
		{77F4BF58-FD00-B6A4-006D-95E818890731}.Debug|Any CPU.ActiveCfg = Debug|Any CPU
		{77F4BF58-FD00-B6A4-006D-95E818890731}.Debug|Any CPU.Build.0 = Debug|Any CPU
		{77F4BF58-FD00-B6A4-006D-95E818890731}.Release|Any CPU.ActiveCfg = Release|Any CPU
		{77F4BF58-FD00-B6A4-006D-95E818890731}.Release|Any CPU.Build.0 = Release|Any CPU
		{2977B868-FB99-CF1B-2AE9-83905A1DDDA1}.Debug|Any CPU.ActiveCfg = Debug|Any CPU
		{2977B868-FB99-CF1B-2AE9-83905A1DDDA1}.Debug|Any CPU.Build.0 = Debug|Any CPU
		{2977B868-FB99-CF1B-2AE9-83905A1DDDA1}.Release|Any CPU.ActiveCfg = Release|Any CPU
		{2977B868-FB99-CF1B-2AE9-83905A1DDDA1}.Release|Any CPU.Build.0 = Release|Any CPU
		{A54D296A-6E35-88AA-702F-AB8912BDB734}.Debug|Any CPU.ActiveCfg = Debug|Any CPU
		{A54D296A-6E35-88AA-702F-AB8912BDB734}.Debug|Any CPU.Build.0 = Debug|Any CPU
		{A54D296A-6E35-88AA-702F-AB8912BDB734}.Release|Any CPU.ActiveCfg = Release|Any CPU
		{A54D296A-6E35-88AA-702F-AB8912BDB734}.Release|Any CPU.Build.0 = Release|Any CPU
		{943E4764-8281-FA02-B8CE-4591050FC8D2}.Debug|Any CPU.ActiveCfg = Debug|Any CPU
		{943E4764-8281-FA02-B8CE-4591050FC8D2}.Debug|Any CPU.Build.0 = Debug|Any CPU
		{943E4764-8281-FA02-B8CE-4591050FC8D2}.Release|Any CPU.ActiveCfg = Release|Any CPU
		{943E4764-8281-FA02-B8CE-4591050FC8D2}.Release|Any CPU.Build.0 = Release|Any CPU
		{C29F9F9C-5CA7-F338-F169-886675AF4E99}.Debug|Any CPU.ActiveCfg = Debug|Any CPU
		{C29F9F9C-5CA7-F338-F169-886675AF4E99}.Debug|Any CPU.Build.0 = Debug|Any CPU
		{C29F9F9C-5CA7-F338-F169-886675AF4E99}.Release|Any CPU.ActiveCfg = Release|Any CPU
		{C29F9F9C-5CA7-F338-F169-886675AF4E99}.Release|Any CPU.Build.0 = Release|Any CPU
		{092EDFE5-A791-0E56-16AC-571091957009}.Debug|Any CPU.ActiveCfg = Debug|Any CPU
		{092EDFE5-A791-0E56-16AC-571091957009}.Debug|Any CPU.Build.0 = Debug|Any CPU
		{092EDFE5-A791-0E56-16AC-571091957009}.Release|Any CPU.ActiveCfg = Release|Any CPU
		{092EDFE5-A791-0E56-16AC-571091957009}.Release|Any CPU.Build.0 = Release|Any CPU
		{7957E9EB-0925-08AE-7181-4D73839DA788}.Debug|Any CPU.ActiveCfg = Debug|Any CPU
		{7957E9EB-0925-08AE-7181-4D73839DA788}.Debug|Any CPU.Build.0 = Debug|Any CPU
		{7957E9EB-0925-08AE-7181-4D73839DA788}.Release|Any CPU.ActiveCfg = Release|Any CPU
		{7957E9EB-0925-08AE-7181-4D73839DA788}.Release|Any CPU.Build.0 = Release|Any CPU
		{C3B4D494-DB32-49BE-80AD-473E2B532123}.Debug|Any CPU.ActiveCfg = Debug|Any CPU
		{C3B4D494-DB32-49BE-80AD-473E2B532123}.Debug|Any CPU.Build.0 = Debug|Any CPU
		{C3B4D494-DB32-49BE-80AD-473E2B532123}.Release|Any CPU.ActiveCfg = Release|Any CPU
		{C3B4D494-DB32-49BE-80AD-473E2B532123}.Release|Any CPU.Build.0 = Release|Any CPU
		{2D735847-7841-2061-5BBE-D4A69C40040C}.Debug|Any CPU.ActiveCfg = Debug|Any CPU
		{2D735847-7841-2061-5BBE-D4A69C40040C}.Debug|Any CPU.Build.0 = Debug|Any CPU
		{2D735847-7841-2061-5BBE-D4A69C40040C}.Release|Any CPU.ActiveCfg = Release|Any CPU
		{2D735847-7841-2061-5BBE-D4A69C40040C}.Release|Any CPU.Build.0 = Release|Any CPU
		{E9512F5E-5004-3121-E8F5-2F47818A41F7}.Debug|Any CPU.ActiveCfg = Debug|Any CPU
		{E9512F5E-5004-3121-E8F5-2F47818A41F7}.Debug|Any CPU.Build.0 = Debug|Any CPU
		{E9512F5E-5004-3121-E8F5-2F47818A41F7}.Release|Any CPU.ActiveCfg = Release|Any CPU
		{E9512F5E-5004-3121-E8F5-2F47818A41F7}.Release|Any CPU.Build.0 = Release|Any CPU
		{B224413C-A6AE-116B-7807-ACEED69C85AC}.Debug|Any CPU.ActiveCfg = Debug|Any CPU
		{B224413C-A6AE-116B-7807-ACEED69C85AC}.Debug|Any CPU.Build.0 = Debug|Any CPU
		{B224413C-A6AE-116B-7807-ACEED69C85AC}.Release|Any CPU.ActiveCfg = Release|Any CPU
		{B224413C-A6AE-116B-7807-ACEED69C85AC}.Release|Any CPU.Build.0 = Release|Any CPU
		{6B1AD4C9-7D9E-524E-5D41-B6C2E4D0E1FE}.Debug|Any CPU.ActiveCfg = Debug|Any CPU
		{6B1AD4C9-7D9E-524E-5D41-B6C2E4D0E1FE}.Debug|Any CPU.Build.0 = Debug|Any CPU
		{6B1AD4C9-7D9E-524E-5D41-B6C2E4D0E1FE}.Release|Any CPU.ActiveCfg = Release|Any CPU
		{6B1AD4C9-7D9E-524E-5D41-B6C2E4D0E1FE}.Release|Any CPU.Build.0 = Release|Any CPU
		{5297EA65-3DE0-DB45-4CA2-FA19BCC67150}.Debug|Any CPU.ActiveCfg = Debug|Any CPU
		{5297EA65-3DE0-DB45-4CA2-FA19BCC67150}.Debug|Any CPU.Build.0 = Debug|Any CPU
		{5297EA65-3DE0-DB45-4CA2-FA19BCC67150}.Release|Any CPU.ActiveCfg = Release|Any CPU
		{5297EA65-3DE0-DB45-4CA2-FA19BCC67150}.Release|Any CPU.Build.0 = Release|Any CPU
		{1815F694-632A-FB71-3695-64DEE8527409}.Debug|Any CPU.ActiveCfg = Debug|Any CPU
		{1815F694-632A-FB71-3695-64DEE8527409}.Debug|Any CPU.Build.0 = Debug|Any CPU
		{1815F694-632A-FB71-3695-64DEE8527409}.Release|Any CPU.ActiveCfg = Release|Any CPU
		{1815F694-632A-FB71-3695-64DEE8527409}.Release|Any CPU.Build.0 = Release|Any CPU
		{727B8E52-3D66-AE7B-BD38-F9D8FD88DD56}.Debug|Any CPU.ActiveCfg = Debug|Any CPU
		{727B8E52-3D66-AE7B-BD38-F9D8FD88DD56}.Debug|Any CPU.Build.0 = Debug|Any CPU
		{727B8E52-3D66-AE7B-BD38-F9D8FD88DD56}.Release|Any CPU.ActiveCfg = Release|Any CPU
		{727B8E52-3D66-AE7B-BD38-F9D8FD88DD56}.Release|Any CPU.Build.0 = Release|Any CPU
		{ECBB42D1-A9C2-40B6-41A6-BA9CA760A185}.Debug|Any CPU.ActiveCfg = Debug|Any CPU
		{ECBB42D1-A9C2-40B6-41A6-BA9CA760A185}.Debug|Any CPU.Build.0 = Debug|Any CPU
		{ECBB42D1-A9C2-40B6-41A6-BA9CA760A185}.Release|Any CPU.ActiveCfg = Release|Any CPU
		{ECBB42D1-A9C2-40B6-41A6-BA9CA760A185}.Release|Any CPU.Build.0 = Release|Any CPU
		{BA2FB561-2A3F-E7AB-3761-5B90784852F5}.Debug|Any CPU.ActiveCfg = Debug|Any CPU
		{BA2FB561-2A3F-E7AB-3761-5B90784852F5}.Debug|Any CPU.Build.0 = Debug|Any CPU
		{BA2FB561-2A3F-E7AB-3761-5B90784852F5}.Release|Any CPU.ActiveCfg = Release|Any CPU
		{BA2FB561-2A3F-E7AB-3761-5B90784852F5}.Release|Any CPU.Build.0 = Release|Any CPU
		{F1CA471D-22AC-18A9-132D-9C670FF66678}.Debug|Any CPU.ActiveCfg = Debug|Any CPU
		{F1CA471D-22AC-18A9-132D-9C670FF66678}.Debug|Any CPU.Build.0 = Debug|Any CPU
		{F1CA471D-22AC-18A9-132D-9C670FF66678}.Release|Any CPU.ActiveCfg = Release|Any CPU
		{F1CA471D-22AC-18A9-132D-9C670FF66678}.Release|Any CPU.Build.0 = Release|Any CPU
		{E4856E8A-0DA2-71AC-9A64-3E44734F583A}.Debug|Any CPU.ActiveCfg = Debug|Any CPU
		{E4856E8A-0DA2-71AC-9A64-3E44734F583A}.Debug|Any CPU.Build.0 = Debug|Any CPU
		{E4856E8A-0DA2-71AC-9A64-3E44734F583A}.Release|Any CPU.ActiveCfg = Release|Any CPU
		{E4856E8A-0DA2-71AC-9A64-3E44734F583A}.Release|Any CPU.Build.0 = Release|Any CPU
		{42411805-2A76-B786-50D5-240EEE2DE49C}.Debug|Any CPU.ActiveCfg = Debug|Any CPU
		{42411805-2A76-B786-50D5-240EEE2DE49C}.Debug|Any CPU.Build.0 = Debug|Any CPU
		{42411805-2A76-B786-50D5-240EEE2DE49C}.Release|Any CPU.ActiveCfg = Release|Any CPU
		{42411805-2A76-B786-50D5-240EEE2DE49C}.Release|Any CPU.Build.0 = Release|Any CPU
		{1D02E31F-51C1-523C-5B60-68B5D4D47551}.Debug|Any CPU.ActiveCfg = Debug|Any CPU
		{1D02E31F-51C1-523C-5B60-68B5D4D47551}.Debug|Any CPU.Build.0 = Debug|Any CPU
		{1D02E31F-51C1-523C-5B60-68B5D4D47551}.Release|Any CPU.ActiveCfg = Release|Any CPU
		{1D02E31F-51C1-523C-5B60-68B5D4D47551}.Release|Any CPU.Build.0 = Release|Any CPU
		{83F5DC8B-F4E3-DE24-5B63-E900B5A94812}.Debug|Any CPU.ActiveCfg = Debug|Any CPU
		{83F5DC8B-F4E3-DE24-5B63-E900B5A94812}.Debug|Any CPU.Build.0 = Debug|Any CPU
		{83F5DC8B-F4E3-DE24-5B63-E900B5A94812}.Release|Any CPU.ActiveCfg = Release|Any CPU
		{83F5DC8B-F4E3-DE24-5B63-E900B5A94812}.Release|Any CPU.Build.0 = Release|Any CPU
		{D90CE579-1DB1-9FC7-8189-451F996ACB27}.Debug|Any CPU.ActiveCfg = Debug|Any CPU
		{D90CE579-1DB1-9FC7-8189-451F996ACB27}.Debug|Any CPU.Build.0 = Debug|Any CPU
		{D90CE579-1DB1-9FC7-8189-451F996ACB27}.Release|Any CPU.ActiveCfg = Release|Any CPU
		{D90CE579-1DB1-9FC7-8189-451F996ACB27}.Release|Any CPU.Build.0 = Release|Any CPU
		{93D4B50D-1997-4325-9D9A-819B94F06722}.Debug|Any CPU.ActiveCfg = Debug|Any CPU
		{93D4B50D-1997-4325-9D9A-819B94F06722}.Debug|Any CPU.Build.0 = Debug|Any CPU
		{93D4B50D-1997-4325-9D9A-819B94F06722}.Release|Any CPU.ActiveCfg = Release|Any CPU
		{93D4B50D-1997-4325-9D9A-819B94F06722}.Release|Any CPU.Build.0 = Release|Any CPU
		{CB6607B2-6A1E-E789-F581-855AD50EA17B}.Debug|Any CPU.ActiveCfg = Debug|Any CPU
		{CB6607B2-6A1E-E789-F581-855AD50EA17B}.Debug|Any CPU.Build.0 = Debug|Any CPU
		{CB6607B2-6A1E-E789-F581-855AD50EA17B}.Release|Any CPU.ActiveCfg = Release|Any CPU
		{CB6607B2-6A1E-E789-F581-855AD50EA17B}.Release|Any CPU.Build.0 = Release|Any CPU
		{F2BCBB74-6AC0-BB8F-3C3A-0A17D53927D9}.Debug|Any CPU.ActiveCfg = Debug|Any CPU
		{F2BCBB74-6AC0-BB8F-3C3A-0A17D53927D9}.Debug|Any CPU.Build.0 = Debug|Any CPU
		{F2BCBB74-6AC0-BB8F-3C3A-0A17D53927D9}.Release|Any CPU.ActiveCfg = Release|Any CPU
		{F2BCBB74-6AC0-BB8F-3C3A-0A17D53927D9}.Release|Any CPU.Build.0 = Release|Any CPU
		{09B7D19C-D603-94A7-6511-2970C3BE8708}.Debug|Any CPU.ActiveCfg = Debug|Any CPU
		{09B7D19C-D603-94A7-6511-2970C3BE8708}.Debug|Any CPU.Build.0 = Debug|Any CPU
		{09B7D19C-D603-94A7-6511-2970C3BE8708}.Release|Any CPU.ActiveCfg = Release|Any CPU
		{09B7D19C-D603-94A7-6511-2970C3BE8708}.Release|Any CPU.Build.0 = Release|Any CPU
		{553B34A8-321C-F187-21A8-61C2784BE429}.Debug|Any CPU.ActiveCfg = Debug|Any CPU
		{553B34A8-321C-F187-21A8-61C2784BE429}.Debug|Any CPU.Build.0 = Debug|Any CPU
		{553B34A8-321C-F187-21A8-61C2784BE429}.Release|Any CPU.ActiveCfg = Release|Any CPU
		{553B34A8-321C-F187-21A8-61C2784BE429}.Release|Any CPU.Build.0 = Release|Any CPU
	EndGlobalSection
	GlobalSection(SolutionProperties) = preSolution
		HideSolutionNode = FALSE
	EndGlobalSection
EndGlobal
