
Microsoft Visual Studio Solution File, Format Version 11.00
# Visual Studio 2010
Project("{FAE04EC0-301F-11D3-BF4B-00C04F79EFBC}") = "Microsoft.MixedReality.Toolkit.Providers.OpenVR", "Microsoft.MixedReality.Toolkit.Providers.OpenVR.csproj", "{D5A73573-1B92-4090-A4E5-D676132777D7}"
EndProject
Project("{FAE04EC0-301F-11D3-BF4B-00C04F79EFBC}") = "Microsoft.MixedReality.Toolkit", "Microsoft.MixedReality.Toolkit.csproj", "{C9E05CC0-BA05-37C2-435D-E7851C8009C2}"
EndProject
Project("{FAE04EC0-301F-11D3-BF4B-00C04F79EFBC}") = "Microsoft.MixedReality.Toolkit.SDK", "Microsoft.MixedReality.Toolkit.SDK.csproj", "{B8690D6F-B9EE-AC42-3BB4-F8C996770570}"
EndProject
Project("{FAE04EC0-301F-11D3-BF4B-00C04F79EFBC}") = "PhotonUnityNetworking.Demos", "PhotonUnityNetworking.Demos.csproj", "{64502ED2-4824-C82E-3128-3588ADC8E0B2}"
EndProject
Project("{FAE04EC0-301F-11D3-BF4B-00C04F79EFBC}") = "PhotonUnityNetworking.Utilities", "PhotonUnityNetworking.Utilities.csproj", "{5B0E7D72-D508-CA6A-3239-292C2347A063}"
EndProject
Project("{FAE04EC0-301F-11D3-BF4B-00C04F79EFBC}") = "Microsoft.MixedReality.Toolkit.Services.SpatialAwarenessSystem", "Microsoft.MixedReality.Toolkit.Services.SpatialAwarenessSystem.csproj", "{1CE17854-D78A-B012-15E5-2BAFC421677A}"
EndProject
Project("{FAE04EC0-301F-11D3-BF4B-00C04F79EFBC}") = "Assembly-CSharp", "Assembly-CSharp.csproj", "{FB361812-941D-5BE7-4B21-B563E98B87F8}"
EndProject
Project("{FAE04EC0-301F-11D3-BF4B-00C04F79EFBC}") = "PhotonChat", "PhotonChat.csproj", "{2CDF5684-62EE-2ADD-3094-C8104A3E2F30}"
EndProject
Project("{FAE04EC0-301F-11D3-BF4B-00C04F79EFBC}") = "Microsoft.MixedReality.Toolkit.Utilities.Gltf", "Microsoft.MixedReality.Toolkit.Utilities.Gltf.csproj", "{0F728A1A-7FF2-7AF7-8942-765586D54E57}"
EndProject
Project("{FAE04EC0-301F-11D3-BF4B-00C04F79EFBC}") = "Microsoft.MixedReality.Toolkit.Services.InputSystem", "Microsoft.MixedReality.Toolkit.Services.InputSystem.csproj", "{81383DD1-BF77-D255-8369-F998B521F02F}"
EndProject
Project("{FAE04EC0-301F-11D3-BF4B-00C04F79EFBC}") = "PhotonUnityNetworking", "PhotonUnityNetworking.csproj", "{7D0A7985-1E57-12B2-F97E-D90A04580E2C}"
EndProject
Project("{FAE04EC0-301F-11D3-BF4B-00C04F79EFBC}") = "PhotonRealtime", "PhotonRealtime.csproj", "{3D424940-ED0B-CC3B-E26D-A2AC9438959D}"
EndProject
Project("{FAE04EC0-301F-11D3-BF4B-00C04F79EFBC}") = "Microsoft.MixedReality.Toolkit.Services.DiagnosticsSystem", "Microsoft.MixedReality.Toolkit.Services.DiagnosticsSystem.csproj", "{B62438A7-BE5D-7CC8-06B1-C390677E2F27}"
EndProject
Project("{FAE04EC0-301F-11D3-BF4B-00C04F79EFBC}") = "Microsoft.MixedReality.Toolkit.Core.Utilities.Async", "Microsoft.MixedReality.Toolkit.Core.Utilities.Async.csproj", "{AB601170-1F66-A77A-E9FC-807A6E5C4165}"
EndProject
Project("{FAE04EC0-301F-11D3-BF4B-00C04F79EFBC}") = "Microsoft.MixedReality.Toolkit.Providers.WindowsMixedReality", "Microsoft.MixedReality.Toolkit.Providers.WindowsMixedReality.csproj", "{DBEAEE29-1769-80C5-C590-A93FB7AFBB91}"
EndProject
Project("{FAE04EC0-301F-11D3-BF4B-00C04F79EFBC}") = "Microsoft.MixedReality.Toolkit.Providers.WindowsVoiceInput", "Microsoft.MixedReality.Toolkit.Providers.WindowsVoiceInput.csproj", "{B8C14FC0-59CC-1AB5-CA0A-DA6687B0DF32}"
EndProject
Project("{FAE04EC0-301F-11D3-BF4B-00C04F79EFBC}") = "Microsoft.MixedReality.Toolkit.Services.TeleportSystem", "Microsoft.MixedReality.Toolkit.Services.TeleportSystem.csproj", "{ED9C6E34-D5EE-FB9A-88EF-0A942E2BB91D}"
EndProject
Project("{FAE04EC0-301F-11D3-BF4B-00C04F79EFBC}") = "PhotonWebSocket", "PhotonWebSocket.csproj", "{B11AE88B-87CC-DE94-B28B-4800ACFFD4EB}"
EndProject
Project("{FAE04EC0-301F-11D3-BF4B-00C04F79EFBC}") = "Microsoft.MixedReality.Toolkit.Services.BoundarySystem", "Microsoft.MixedReality.Toolkit.Services.BoundarySystem.csproj", "{0BF9E50A-3B4F-9494-3868-6D2D4F435C45}"
EndProject
Project("{FAE04EC0-301F-11D3-BF4B-00C04F79EFBC}") = "Microsoft.MixedReality.Toolkit.SDK.Inspectors", "Microsoft.MixedReality.Toolkit.SDK.Inspectors.csproj", "{00DA0C3C-5793-75E6-D21D-9D29A64A4AB5}"
EndProject
Project("{FAE04EC0-301F-11D3-BF4B-00C04F79EFBC}") = "Microsoft.MixedReality.Toolkit.Core.Inspectors", "Microsoft.MixedReality.Toolkit.Core.Inspectors.csproj", "{3176CD06-AA02-3A9D-F608-6116FD90234F}"
EndProject
Project("{FAE04EC0-301F-11D3-BF4B-00C04F79EFBC}") = "Assembly-CSharp-Editor", "Assembly-CSharp-Editor.csproj", "{E49EE4D7-E60A-F09E-0754-C9FBD2F3FF5E}"
EndProject
Project("{FAE04EC0-301F-11D3-BF4B-00C04F79EFBC}") = "Microsoft.MixedReality.Toolkit.Core.Utilities.Editor", "Microsoft.MixedReality.Toolkit.Core.Utilities.Editor.csproj", "{6D9B53FC-DD93-1AF0-7550-FC51E2D714AA}"
EndProject
Project("{FAE04EC0-301F-11D3-BF4B-00C04F79EFBC}") = "Microsoft.MixedReality.Toolkit.Services.InputSimulation", "Microsoft.MixedReality.Toolkit.Services.InputSimulation.csproj", "{2A50EB57-0E0E-5DB2-4F55-9302236065C1}"
EndProject
Project("{FAE04EC0-301F-11D3-BF4B-00C04F79EFBC}") = "PhotonUnityNetworking.Editor", "PhotonUnityNetworking.Editor.csproj", "{4CC05607-9F5A-319F-5788-CC5AD87E10D5}"
EndProject
Project("{FAE04EC0-301F-11D3-BF4B-00C04F79EFBC}") = "Microsoft.MixedReality.Toolkit.Utilities.Gltf.Importers", "Microsoft.MixedReality.Toolkit.Utilities.Gltf.Importers.csproj", "{58EC90BA-AC57-D797-8DE4-85A51178D7F5}"
EndProject
Project("{FAE04EC0-301F-11D3-BF4B-00C04F79EFBC}") = "Microsoft.MixedReality.Toolkit.Core.Build", "Microsoft.MixedReality.Toolkit.Core.Build.csproj", "{C29139F2-092A-0AD9-7243-FA63303BE2B3}"
EndProject
Project("{FAE04EC0-301F-11D3-BF4B-00C04F79EFBC}") = "PunDemos.DemoHubEditor", "PunDemos.DemoHubEditor.csproj", "{F7ADC9E8-1919-FBF9-DECD-AC5167F9BF06}"
EndProject
Project("{FAE04EC0-301F-11D3-BF4B-00C04F79EFBC}") = "PhotonUnityNetworking.Utilities.PhotonPlayer.Editor", "PhotonUnityNetworking.Utilities.PhotonPlayer.Editor.csproj", "{12307ED4-2833-F1F1-101F-EBC7E716E113}"
EndProject
Project("{FAE04EC0-301F-11D3-BF4B-00C04F79EFBC}") = "Microsoft.MixedReality.Toolkit.Core.Definitions.Utilities.Editor", "Microsoft.MixedReality.Toolkit.Core.Definitions.Utilities.Editor.csproj", "{9277312B-D684-BD42-2D24-C5307746D0D1}"
EndProject
Project("{FAE04EC0-301F-11D3-BF4B-00C04F79EFBC}") = "PhotonUnityNetworking.Utilities.Culling.Editor", "PhotonUnityNetworking.Utilities.Culling.Editor.csproj", "{6EA7FB6F-5949-D520-A87A-ACC8B33BBA6A}"
EndProject
Project("{FAE04EC0-301F-11D3-BF4B-00C04F79EFBC}") = "PunDemos.DemoSlotcarEditor", "PunDemos.DemoSlotcarEditor.csproj", "{E09746CB-D45A-0D4C-91AA-EAFC7939DED7}"
EndProject
Project("{FAE04EC0-301F-11D3-BF4B-00C04F79EFBC}") = "Microsoft.MixedReality.Toolkit.Services.InputSimulation.Inspectors", "Microsoft.MixedReality.Toolkit.Services.InputSimulation.Inspectors.csproj", "{1F81228A-8B9C-5E3A-5EF3-2AB9ED3FCB9A}"
EndProject
Project("{FAE04EC0-301F-11D3-BF4B-00C04F79EFBC}") = "Microsoft.MixedReality.Toolkit.Services.InputSystem.Inspectors", "Microsoft.MixedReality.Toolkit.Services.InputSystem.Inspectors.csproj", "{E314BE98-A130-BF39-6E4C-ECF2F95E8C1B}"
EndProject
Project("{FAE04EC0-301F-11D3-BF4B-00C04F79EFBC}") = "Microsoft.MixedReality.Toolkit.Core.Extensions.EditorClassExtensions", "Microsoft.MixedReality.Toolkit.Core.Extensions.EditorClassExtensions.csproj", "{7DEF9C45-1CAA-49DB-5900-0177694AA2F7}"
EndProject
Global
	GlobalSection(SolutionConfigurationPlatforms) = preSolution
		Debug|Any CPU = Debug|Any CPU
		Release|Any CPU = Release|Any CPU
	EndGlobalSection
	GlobalSection(ProjectConfigurationPlatforms) = postSolution
		{D5A73573-1B92-4090-A4E5-D676132777D7}.Debug|Any CPU.ActiveCfg = Debug|Any CPU
		{D5A73573-1B92-4090-A4E5-D676132777D7}.Debug|Any CPU.Build.0 = Debug|Any CPU
		{D5A73573-1B92-4090-A4E5-D676132777D7}.Release|Any CPU.ActiveCfg = Release|Any CPU
		{D5A73573-1B92-4090-A4E5-D676132777D7}.Release|Any CPU.Build.0 = Release|Any CPU
		{C9E05CC0-BA05-37C2-435D-E7851C8009C2}.Debug|Any CPU.ActiveCfg = Debug|Any CPU
		{C9E05CC0-BA05-37C2-435D-E7851C8009C2}.Debug|Any CPU.Build.0 = Debug|Any CPU
		{C9E05CC0-BA05-37C2-435D-E7851C8009C2}.Release|Any CPU.ActiveCfg = Release|Any CPU
		{C9E05CC0-BA05-37C2-435D-E7851C8009C2}.Release|Any CPU.Build.0 = Release|Any CPU
		{B8690D6F-B9EE-AC42-3BB4-F8C996770570}.Debug|Any CPU.ActiveCfg = Debug|Any CPU
		{B8690D6F-B9EE-AC42-3BB4-F8C996770570}.Debug|Any CPU.Build.0 = Debug|Any CPU
		{B8690D6F-B9EE-AC42-3BB4-F8C996770570}.Release|Any CPU.ActiveCfg = Release|Any CPU
		{B8690D6F-B9EE-AC42-3BB4-F8C996770570}.Release|Any CPU.Build.0 = Release|Any CPU
		{64502ED2-4824-C82E-3128-3588ADC8E0B2}.Debug|Any CPU.ActiveCfg = Debug|Any CPU
		{64502ED2-4824-C82E-3128-3588ADC8E0B2}.Debug|Any CPU.Build.0 = Debug|Any CPU
		{64502ED2-4824-C82E-3128-3588ADC8E0B2}.Release|Any CPU.ActiveCfg = Release|Any CPU
		{64502ED2-4824-C82E-3128-3588ADC8E0B2}.Release|Any CPU.Build.0 = Release|Any CPU
		{5B0E7D72-D508-CA6A-3239-292C2347A063}.Debug|Any CPU.ActiveCfg = Debug|Any CPU
		{5B0E7D72-D508-CA6A-3239-292C2347A063}.Debug|Any CPU.Build.0 = Debug|Any CPU
		{5B0E7D72-D508-CA6A-3239-292C2347A063}.Release|Any CPU.ActiveCfg = Release|Any CPU
		{5B0E7D72-D508-CA6A-3239-292C2347A063}.Release|Any CPU.Build.0 = Release|Any CPU
		{1CE17854-D78A-B012-15E5-2BAFC421677A}.Debug|Any CPU.ActiveCfg = Debug|Any CPU
		{1CE17854-D78A-B012-15E5-2BAFC421677A}.Debug|Any CPU.Build.0 = Debug|Any CPU
		{1CE17854-D78A-B012-15E5-2BAFC421677A}.Release|Any CPU.ActiveCfg = Release|Any CPU
		{1CE17854-D78A-B012-15E5-2BAFC421677A}.Release|Any CPU.Build.0 = Release|Any CPU
		{FB361812-941D-5BE7-4B21-B563E98B87F8}.Debug|Any CPU.ActiveCfg = Debug|Any CPU
		{FB361812-941D-5BE7-4B21-B563E98B87F8}.Debug|Any CPU.Build.0 = Debug|Any CPU
		{FB361812-941D-5BE7-4B21-B563E98B87F8}.Release|Any CPU.ActiveCfg = Release|Any CPU
		{FB361812-941D-5BE7-4B21-B563E98B87F8}.Release|Any CPU.Build.0 = Release|Any CPU
		{2CDF5684-62EE-2ADD-3094-C8104A3E2F30}.Debug|Any CPU.ActiveCfg = Debug|Any CPU
		{2CDF5684-62EE-2ADD-3094-C8104A3E2F30}.Debug|Any CPU.Build.0 = Debug|Any CPU
		{2CDF5684-62EE-2ADD-3094-C8104A3E2F30}.Release|Any CPU.ActiveCfg = Release|Any CPU
		{2CDF5684-62EE-2ADD-3094-C8104A3E2F30}.Release|Any CPU.Build.0 = Release|Any CPU
		{0F728A1A-7FF2-7AF7-8942-765586D54E57}.Debug|Any CPU.ActiveCfg = Debug|Any CPU
		{0F728A1A-7FF2-7AF7-8942-765586D54E57}.Debug|Any CPU.Build.0 = Debug|Any CPU
		{0F728A1A-7FF2-7AF7-8942-765586D54E57}.Release|Any CPU.ActiveCfg = Release|Any CPU
		{0F728A1A-7FF2-7AF7-8942-765586D54E57}.Release|Any CPU.Build.0 = Release|Any CPU
		{81383DD1-BF77-D255-8369-F998B521F02F}.Debug|Any CPU.ActiveCfg = Debug|Any CPU
		{81383DD1-BF77-D255-8369-F998B521F02F}.Debug|Any CPU.Build.0 = Debug|Any CPU
		{81383DD1-BF77-D255-8369-F998B521F02F}.Release|Any CPU.ActiveCfg = Release|Any CPU
		{81383DD1-BF77-D255-8369-F998B521F02F}.Release|Any CPU.Build.0 = Release|Any CPU
		{7D0A7985-1E57-12B2-F97E-D90A04580E2C}.Debug|Any CPU.ActiveCfg = Debug|Any CPU
		{7D0A7985-1E57-12B2-F97E-D90A04580E2C}.Debug|Any CPU.Build.0 = Debug|Any CPU
		{7D0A7985-1E57-12B2-F97E-D90A04580E2C}.Release|Any CPU.ActiveCfg = Release|Any CPU
		{7D0A7985-1E57-12B2-F97E-D90A04580E2C}.Release|Any CPU.Build.0 = Release|Any CPU
		{3D424940-ED0B-CC3B-E26D-A2AC9438959D}.Debug|Any CPU.ActiveCfg = Debug|Any CPU
		{3D424940-ED0B-CC3B-E26D-A2AC9438959D}.Debug|Any CPU.Build.0 = Debug|Any CPU
		{3D424940-ED0B-CC3B-E26D-A2AC9438959D}.Release|Any CPU.ActiveCfg = Release|Any CPU
		{3D424940-ED0B-CC3B-E26D-A2AC9438959D}.Release|Any CPU.Build.0 = Release|Any CPU
		{B62438A7-BE5D-7CC8-06B1-C390677E2F27}.Debug|Any CPU.ActiveCfg = Debug|Any CPU
		{B62438A7-BE5D-7CC8-06B1-C390677E2F27}.Debug|Any CPU.Build.0 = Debug|Any CPU
		{B62438A7-BE5D-7CC8-06B1-C390677E2F27}.Release|Any CPU.ActiveCfg = Release|Any CPU
		{B62438A7-BE5D-7CC8-06B1-C390677E2F27}.Release|Any CPU.Build.0 = Release|Any CPU
		{AB601170-1F66-A77A-E9FC-807A6E5C4165}.Debug|Any CPU.ActiveCfg = Debug|Any CPU
		{AB601170-1F66-A77A-E9FC-807A6E5C4165}.Debug|Any CPU.Build.0 = Debug|Any CPU
		{AB601170-1F66-A77A-E9FC-807A6E5C4165}.Release|Any CPU.ActiveCfg = Release|Any CPU
		{AB601170-1F66-A77A-E9FC-807A6E5C4165}.Release|Any CPU.Build.0 = Release|Any CPU
		{DBEAEE29-1769-80C5-C590-A93FB7AFBB91}.Debug|Any CPU.ActiveCfg = Debug|Any CPU
		{DBEAEE29-1769-80C5-C590-A93FB7AFBB91}.Debug|Any CPU.Build.0 = Debug|Any CPU
		{DBEAEE29-1769-80C5-C590-A93FB7AFBB91}.Release|Any CPU.ActiveCfg = Release|Any CPU
		{DBEAEE29-1769-80C5-C590-A93FB7AFBB91}.Release|Any CPU.Build.0 = Release|Any CPU
		{B8C14FC0-59CC-1AB5-CA0A-DA6687B0DF32}.Debug|Any CPU.ActiveCfg = Debug|Any CPU
		{B8C14FC0-59CC-1AB5-CA0A-DA6687B0DF32}.Debug|Any CPU.Build.0 = Debug|Any CPU
		{B8C14FC0-59CC-1AB5-CA0A-DA6687B0DF32}.Release|Any CPU.ActiveCfg = Release|Any CPU
		{B8C14FC0-59CC-1AB5-CA0A-DA6687B0DF32}.Release|Any CPU.Build.0 = Release|Any CPU
		{ED9C6E34-D5EE-FB9A-88EF-0A942E2BB91D}.Debug|Any CPU.ActiveCfg = Debug|Any CPU
		{ED9C6E34-D5EE-FB9A-88EF-0A942E2BB91D}.Debug|Any CPU.Build.0 = Debug|Any CPU
		{ED9C6E34-D5EE-FB9A-88EF-0A942E2BB91D}.Release|Any CPU.ActiveCfg = Release|Any CPU
		{ED9C6E34-D5EE-FB9A-88EF-0A942E2BB91D}.Release|Any CPU.Build.0 = Release|Any CPU
		{B11AE88B-87CC-DE94-B28B-4800ACFFD4EB}.Debug|Any CPU.ActiveCfg = Debug|Any CPU
		{B11AE88B-87CC-DE94-B28B-4800ACFFD4EB}.Debug|Any CPU.Build.0 = Debug|Any CPU
		{B11AE88B-87CC-DE94-B28B-4800ACFFD4EB}.Release|Any CPU.ActiveCfg = Release|Any CPU
		{B11AE88B-87CC-DE94-B28B-4800ACFFD4EB}.Release|Any CPU.Build.0 = Release|Any CPU
		{0BF9E50A-3B4F-9494-3868-6D2D4F435C45}.Debug|Any CPU.ActiveCfg = Debug|Any CPU
		{0BF9E50A-3B4F-9494-3868-6D2D4F435C45}.Debug|Any CPU.Build.0 = Debug|Any CPU
		{0BF9E50A-3B4F-9494-3868-6D2D4F435C45}.Release|Any CPU.ActiveCfg = Release|Any CPU
		{0BF9E50A-3B4F-9494-3868-6D2D4F435C45}.Release|Any CPU.Build.0 = Release|Any CPU
		{00DA0C3C-5793-75E6-D21D-9D29A64A4AB5}.Debug|Any CPU.ActiveCfg = Debug|Any CPU
		{00DA0C3C-5793-75E6-D21D-9D29A64A4AB5}.Debug|Any CPU.Build.0 = Debug|Any CPU
		{00DA0C3C-5793-75E6-D21D-9D29A64A4AB5}.Release|Any CPU.ActiveCfg = Release|Any CPU
		{00DA0C3C-5793-75E6-D21D-9D29A64A4AB5}.Release|Any CPU.Build.0 = Release|Any CPU
		{3176CD06-AA02-3A9D-F608-6116FD90234F}.Debug|Any CPU.ActiveCfg = Debug|Any CPU
		{3176CD06-AA02-3A9D-F608-6116FD90234F}.Debug|Any CPU.Build.0 = Debug|Any CPU
		{3176CD06-AA02-3A9D-F608-6116FD90234F}.Release|Any CPU.ActiveCfg = Release|Any CPU
		{3176CD06-AA02-3A9D-F608-6116FD90234F}.Release|Any CPU.Build.0 = Release|Any CPU
		{E49EE4D7-E60A-F09E-0754-C9FBD2F3FF5E}.Debug|Any CPU.ActiveCfg = Debug|Any CPU
		{E49EE4D7-E60A-F09E-0754-C9FBD2F3FF5E}.Debug|Any CPU.Build.0 = Debug|Any CPU
		{E49EE4D7-E60A-F09E-0754-C9FBD2F3FF5E}.Release|Any CPU.ActiveCfg = Release|Any CPU
		{E49EE4D7-E60A-F09E-0754-C9FBD2F3FF5E}.Release|Any CPU.Build.0 = Release|Any CPU
		{6D9B53FC-DD93-1AF0-7550-FC51E2D714AA}.Debug|Any CPU.ActiveCfg = Debug|Any CPU
		{6D9B53FC-DD93-1AF0-7550-FC51E2D714AA}.Debug|Any CPU.Build.0 = Debug|Any CPU
		{6D9B53FC-DD93-1AF0-7550-FC51E2D714AA}.Release|Any CPU.ActiveCfg = Release|Any CPU
		{6D9B53FC-DD93-1AF0-7550-FC51E2D714AA}.Release|Any CPU.Build.0 = Release|Any CPU
		{2A50EB57-0E0E-5DB2-4F55-9302236065C1}.Debug|Any CPU.ActiveCfg = Debug|Any CPU
		{2A50EB57-0E0E-5DB2-4F55-9302236065C1}.Debug|Any CPU.Build.0 = Debug|Any CPU
		{2A50EB57-0E0E-5DB2-4F55-9302236065C1}.Release|Any CPU.ActiveCfg = Release|Any CPU
		{2A50EB57-0E0E-5DB2-4F55-9302236065C1}.Release|Any CPU.Build.0 = Release|Any CPU
		{4CC05607-9F5A-319F-5788-CC5AD87E10D5}.Debug|Any CPU.ActiveCfg = Debug|Any CPU
		{4CC05607-9F5A-319F-5788-CC5AD87E10D5}.Debug|Any CPU.Build.0 = Debug|Any CPU
		{4CC05607-9F5A-319F-5788-CC5AD87E10D5}.Release|Any CPU.ActiveCfg = Release|Any CPU
		{4CC05607-9F5A-319F-5788-CC5AD87E10D5}.Release|Any CPU.Build.0 = Release|Any CPU
		{58EC90BA-AC57-D797-8DE4-85A51178D7F5}.Debug|Any CPU.ActiveCfg = Debug|Any CPU
		{58EC90BA-AC57-D797-8DE4-85A51178D7F5}.Debug|Any CPU.Build.0 = Debug|Any CPU
		{58EC90BA-AC57-D797-8DE4-85A51178D7F5}.Release|Any CPU.ActiveCfg = Release|Any CPU
		{58EC90BA-AC57-D797-8DE4-85A51178D7F5}.Release|Any CPU.Build.0 = Release|Any CPU
		{C29139F2-092A-0AD9-7243-FA63303BE2B3}.Debug|Any CPU.ActiveCfg = Debug|Any CPU
		{C29139F2-092A-0AD9-7243-FA63303BE2B3}.Debug|Any CPU.Build.0 = Debug|Any CPU
		{C29139F2-092A-0AD9-7243-FA63303BE2B3}.Release|Any CPU.ActiveCfg = Release|Any CPU
		{C29139F2-092A-0AD9-7243-FA63303BE2B3}.Release|Any CPU.Build.0 = Release|Any CPU
		{F7ADC9E8-1919-FBF9-DECD-AC5167F9BF06}.Debug|Any CPU.ActiveCfg = Debug|Any CPU
		{F7ADC9E8-1919-FBF9-DECD-AC5167F9BF06}.Debug|Any CPU.Build.0 = Debug|Any CPU
		{F7ADC9E8-1919-FBF9-DECD-AC5167F9BF06}.Release|Any CPU.ActiveCfg = Release|Any CPU
		{F7ADC9E8-1919-FBF9-DECD-AC5167F9BF06}.Release|Any CPU.Build.0 = Release|Any CPU
		{12307ED4-2833-F1F1-101F-EBC7E716E113}.Debug|Any CPU.ActiveCfg = Debug|Any CPU
		{12307ED4-2833-F1F1-101F-EBC7E716E113}.Debug|Any CPU.Build.0 = Debug|Any CPU
		{12307ED4-2833-F1F1-101F-EBC7E716E113}.Release|Any CPU.ActiveCfg = Release|Any CPU
		{12307ED4-2833-F1F1-101F-EBC7E716E113}.Release|Any CPU.Build.0 = Release|Any CPU
		{9277312B-D684-BD42-2D24-C5307746D0D1}.Debug|Any CPU.ActiveCfg = Debug|Any CPU
		{9277312B-D684-BD42-2D24-C5307746D0D1}.Debug|Any CPU.Build.0 = Debug|Any CPU
		{9277312B-D684-BD42-2D24-C5307746D0D1}.Release|Any CPU.ActiveCfg = Release|Any CPU
		{9277312B-D684-BD42-2D24-C5307746D0D1}.Release|Any CPU.Build.0 = Release|Any CPU
		{6EA7FB6F-5949-D520-A87A-ACC8B33BBA6A}.Debug|Any CPU.ActiveCfg = Debug|Any CPU
		{6EA7FB6F-5949-D520-A87A-ACC8B33BBA6A}.Debug|Any CPU.Build.0 = Debug|Any CPU
		{6EA7FB6F-5949-D520-A87A-ACC8B33BBA6A}.Release|Any CPU.ActiveCfg = Release|Any CPU
		{6EA7FB6F-5949-D520-A87A-ACC8B33BBA6A}.Release|Any CPU.Build.0 = Release|Any CPU
		{E09746CB-D45A-0D4C-91AA-EAFC7939DED7}.Debug|Any CPU.ActiveCfg = Debug|Any CPU
		{E09746CB-D45A-0D4C-91AA-EAFC7939DED7}.Debug|Any CPU.Build.0 = Debug|Any CPU
		{E09746CB-D45A-0D4C-91AA-EAFC7939DED7}.Release|Any CPU.ActiveCfg = Release|Any CPU
		{E09746CB-D45A-0D4C-91AA-EAFC7939DED7}.Release|Any CPU.Build.0 = Release|Any CPU
		{1F81228A-8B9C-5E3A-5EF3-2AB9ED3FCB9A}.Debug|Any CPU.ActiveCfg = Debug|Any CPU
		{1F81228A-8B9C-5E3A-5EF3-2AB9ED3FCB9A}.Debug|Any CPU.Build.0 = Debug|Any CPU
		{1F81228A-8B9C-5E3A-5EF3-2AB9ED3FCB9A}.Release|Any CPU.ActiveCfg = Release|Any CPU
		{1F81228A-8B9C-5E3A-5EF3-2AB9ED3FCB9A}.Release|Any CPU.Build.0 = Release|Any CPU
		{E314BE98-A130-BF39-6E4C-ECF2F95E8C1B}.Debug|Any CPU.ActiveCfg = Debug|Any CPU
		{E314BE98-A130-BF39-6E4C-ECF2F95E8C1B}.Debug|Any CPU.Build.0 = Debug|Any CPU
		{E314BE98-A130-BF39-6E4C-ECF2F95E8C1B}.Release|Any CPU.ActiveCfg = Release|Any CPU
		{E314BE98-A130-BF39-6E4C-ECF2F95E8C1B}.Release|Any CPU.Build.0 = Release|Any CPU
		{7DEF9C45-1CAA-49DB-5900-0177694AA2F7}.Debug|Any CPU.ActiveCfg = Debug|Any CPU
		{7DEF9C45-1CAA-49DB-5900-0177694AA2F7}.Debug|Any CPU.Build.0 = Debug|Any CPU
		{7DEF9C45-1CAA-49DB-5900-0177694AA2F7}.Release|Any CPU.ActiveCfg = Release|Any CPU
		{7DEF9C45-1CAA-49DB-5900-0177694AA2F7}.Release|Any CPU.Build.0 = Release|Any CPU
	EndGlobalSection
	GlobalSection(SolutionProperties) = preSolution
		HideSolutionNode = FALSE
	EndGlobalSection
	GlobalSection(MonoDevelopProperties) = preSolution
		StartupItem = Assembly-CSharp.csproj
	EndGlobalSection
EndGlobal
