
Microsoft Visual Studio Solution File, Format Version 11.00
# Visual Studio 2010
Project("{FAE04EC0-301F-11D3-BF4B-00C04F79EFBC}") = "Microsoft.MixedReality.Toolkit.SDK", "Microsoft.MixedReality.Toolkit.SDK.csproj", "{B8690D6F-B9EE-AC42-3BB4-F8C996770570}"
EndProject
Project("{FAE04EC0-301F-11D3-BF4B-00C04F79EFBC}") = "Microsoft.MixedReality.Toolkit.Providers.OpenVR", "Microsoft.MixedReality.Toolkit.Providers.OpenVR.csproj", "{D5A73573-1B92-4090-A4E5-D676132777D7}"
EndProject
Project("{FAE04EC0-301F-11D3-BF4B-00C04F79EFBC}") = "Microsoft.MixedReality.Toolkit.Examples", "Microsoft.MixedReality.Toolkit.Examples.csproj", "{92842433-4391-74E8-A453-D7B2F9F24ADA}"
EndProject
Project("{FAE04EC0-301F-11D3-BF4B-00C04F79EFBC}") = "Microsoft.MixedReality.Toolkit", "Microsoft.MixedReality.Toolkit.csproj", "{C9E05CC0-BA05-37C2-435D-E7851C8009C2}"
EndProject
Project("{FAE04EC0-301F-11D3-BF4B-00C04F79EFBC}") = "PhotonUnityNetworking.Demos", "PhotonUnityNetworking.Demos.csproj", "{64502ED2-4824-C82E-3128-3588ADC8E0B2}"
EndProject
Project("{FAE04EC0-301F-11D3-BF4B-00C04F79EFBC}") = "PhotonUnityNetworking.Utilities", "PhotonUnityNetworking.Utilities.csproj", "{5B0E7D72-D508-CA6A-3239-292C2347A063}"
EndProject
Project("{FAE04EC0-301F-11D3-BF4B-00C04F79EFBC}") = "Microsoft.MixedReality.Toolkit.Services.SpatialAwarenessSystem", "Microsoft.MixedReality.Toolkit.Services.SpatialAwarenessSystem.csproj", "{1CE17854-D78A-B012-15E5-2BAFC421677A}"
EndProject
Project("{FAE04EC0-301F-11D3-BF4B-00C04F79EFBC}") = "Assembly-CSharp", "Assembly-CSharp.csproj", "{FB361812-941D-5BE7-4B21-B563E98B87F8}"
EndProject
Project("{FAE04EC0-301F-11D3-BF4B-00C04F79EFBC}") = "PhotonChat", "PhotonChat.csproj", "{2CDF5684-62EE-2ADD-3094-C8104A3E2F30}"
EndProject
Project("{FAE04EC0-301F-11D3-BF4B-00C04F79EFBC}") = "Microsoft.MixedReality.Toolkit.Gltf", "Microsoft.MixedReality.Toolkit.Gltf.csproj", "{20511038-5CCC-E9BF-4574-D2D65E42E21B}"
EndProject
Project("{FAE04EC0-301F-11D3-BF4B-00C04F79EFBC}") = "Microsoft.MixedReality.Toolkit.Services.SceneSystem", "Microsoft.MixedReality.Toolkit.Services.SceneSystem.csproj", "{1B2C4C9C-F290-81FD-EEE2-714DF51F56BA}"
EndProject
Project("{FAE04EC0-301F-11D3-BF4B-00C04F79EFBC}") = "Microsoft.MixedReality.Toolkit.Services.InputSystem", "Microsoft.MixedReality.Toolkit.Services.InputSystem.csproj", "{81383DD1-BF77-D255-8369-F998B521F02F}"
EndProject
Project("{FAE04EC0-301F-11D3-BF4B-00C04F79EFBC}") = "Microsoft.MixedReality.Toolkit.Services.InputAnimation", "Microsoft.MixedReality.Toolkit.Services.InputAnimation.csproj", "{23482A1F-DB1B-041E-5120-66CA0D24D55A}"
EndProject
Project("{FAE04EC0-301F-11D3-BF4B-00C04F79EFBC}") = "PhotonUnityNetworking", "PhotonUnityNetworking.csproj", "{7D0A7985-1E57-12B2-F97E-D90A04580E2C}"
EndProject
Project("{FAE04EC0-301F-11D3-BF4B-00C04F79EFBC}") = "PhotonRealtime", "PhotonRealtime.csproj", "{3D424940-ED0B-CC3B-E26D-A2AC9438959D}"
EndProject
Project("{FAE04EC0-301F-11D3-BF4B-00C04F79EFBC}") = "Microsoft.MixedReality.Toolkit.Services.InputSimulation", "Microsoft.MixedReality.Toolkit.Services.InputSimulation.csproj", "{2A50EB57-0E0E-5DB2-4F55-9302236065C1}"
EndProject
Project("{FAE04EC0-301F-11D3-BF4B-00C04F79EFBC}") = "Microsoft.MixedReality.Toolkit.Services.DiagnosticsSystem", "Microsoft.MixedReality.Toolkit.Services.DiagnosticsSystem.csproj", "{B62438A7-BE5D-7CC8-06B1-C390677E2F27}"
EndProject
Project("{FAE04EC0-301F-11D3-BF4B-00C04F79EFBC}") = "Microsoft.MixedReality.Toolkit.Demos.InspectorFields", "Microsoft.MixedReality.Toolkit.Demos.InspectorFields.csproj", "{C4875ABF-729E-5009-F0F0-B0D8E5E71D2C}"
EndProject
Project("{FAE04EC0-301F-11D3-BF4B-00C04F79EFBC}") = "Microsoft.MixedReality.Toolkit.Async", "Microsoft.MixedReality.Toolkit.Async.csproj", "{2B39B067-E05D-D580-9C98-C7147C86361D}"
EndProject
Project("{FAE04EC0-301F-11D3-BF4B-00C04F79EFBC}") = "Microsoft.MixedReality.Toolkit.Providers.WindowsMixedReality", "Microsoft.MixedReality.Toolkit.Providers.WindowsMixedReality.csproj", "{DBEAEE29-1769-80C5-C590-A93FB7AFBB91}"
EndProject
Project("{FAE04EC0-301F-11D3-BF4B-00C04F79EFBC}") = "Microsoft.MixedReality.Toolkit.Demos.Gltf", "Microsoft.MixedReality.Toolkit.Demos.Gltf.csproj", "{4A3149D9-0B2C-7F08-831F-04D9FEAC0469}"
EndProject
Project("{FAE04EC0-301F-11D3-BF4B-00C04F79EFBC}") = "Microsoft.MixedReality.Toolkit.Providers.WindowsVoiceInput", "Microsoft.MixedReality.Toolkit.Providers.WindowsVoiceInput.csproj", "{B8C14FC0-59CC-1AB5-CA0A-DA6687B0DF32}"
EndProject
Project("{FAE04EC0-301F-11D3-BF4B-00C04F79EFBC}") = "Microsoft.MixedReality.Toolkit.Services.TeleportSystem", "Microsoft.MixedReality.Toolkit.Services.TeleportSystem.csproj", "{ED9C6E34-D5EE-FB9A-88EF-0A942E2BB91D}"
EndProject
Project("{FAE04EC0-301F-11D3-BF4B-00C04F79EFBC}") = "Microsoft.MixedReality.Toolkit.Services.CameraSystem", "Microsoft.MixedReality.Toolkit.Services.CameraSystem.csproj", "{C78FF2C1-8B33-757C-9CD6-9BE83BF94B74}"
EndProject
Project("{FAE04EC0-301F-11D3-BF4B-00C04F79EFBC}") = "PhotonWebSocket", "PhotonWebSocket.csproj", "{B11AE88B-87CC-DE94-B28B-4800ACFFD4EB}"
EndProject
Project("{FAE04EC0-301F-11D3-BF4B-00C04F79EFBC}") = "Microsoft.MixedReality.Toolkit.Services.BoundarySystem", "Microsoft.MixedReality.Toolkit.Services.BoundarySystem.csproj", "{0BF9E50A-3B4F-9494-3868-6D2D4F435C45}"
EndProject
Project("{FAE04EC0-301F-11D3-BF4B-00C04F79EFBC}") = "Microsoft.MixedReality.Toolkit.Demos.UX.Interactables", "Microsoft.MixedReality.Toolkit.Demos.UX.Interactables.csproj", "{940D276B-003F-35CF-F2C0-934554D24A6B}"
EndProject
Project("{FAE04EC0-301F-11D3-BF4B-00C04F79EFBC}") = "Microsoft.MixedReality.Toolkit.SDK.Inspectors", "Microsoft.MixedReality.Toolkit.SDK.Inspectors.csproj", "{00DA0C3C-5793-75E6-D21D-9D29A64A4AB5}"
EndProject
Project("{FAE04EC0-301F-11D3-BF4B-00C04F79EFBC}") = "Microsoft.MixedReality.Toolkit.Editor.Inspectors", "Microsoft.MixedReality.Toolkit.Editor.Inspectors.csproj", "{E5F217A6-2EC5-6FF1-0F41-89D099139142}"
EndProject
Project("{FAE04EC0-301F-11D3-BF4B-00C04F79EFBC}") = "Microsoft.MixedReality.Toolkit.Editor.ServiceInspectors", "Microsoft.MixedReality.Toolkit.Editor.ServiceInspectors.csproj", "{B5EC5EA0-5ECA-6856-68D7-BE9D33E9CA13}"
EndProject
Project("{FAE04EC0-301F-11D3-BF4B-00C04F79EFBC}") = "Microsoft.MixedReality.Toolkit.Demos.InspectorFields.Inspectors", "Microsoft.MixedReality.Toolkit.Demos.InspectorFields.Inspectors.csproj", "{33CD9610-CA54-8987-9F48-4178A35C2238}"
EndProject
Project("{FAE04EC0-301F-11D3-BF4B-00C04F79EFBC}") = "Microsoft.MixedReality.Toolkit.Editor.Utilities", "Microsoft.MixedReality.Toolkit.Editor.Utilities.csproj", "{5C7CCAD9-2C7C-DD3C-1DDC-7BB8B55ECF83}"
EndProject
Project("{FAE04EC0-301F-11D3-BF4B-00C04F79EFBC}") = "Microsoft.MixedReality.Toolkit.Providers.ObjectMeshObserver", "Microsoft.MixedReality.Toolkit.Providers.ObjectMeshObserver.csproj", "{92BE3482-78E6-6AD9-6DA9-0FE957C6967C}"
EndProject
Project("{FAE04EC0-301F-11D3-BF4B-00C04F79EFBC}") = "Assembly-CSharp-Editor", "Assembly-CSharp-Editor.csproj", "{E49EE4D7-E60A-F09E-0754-C9FBD2F3FF5E}"
EndProject
Project("{FAE04EC0-301F-11D3-BF4B-00C04F79EFBC}") = "PhotonUnityNetworking.Editor", "PhotonUnityNetworking.Editor.csproj", "{4CC05607-9F5A-319F-5788-CC5AD87E10D5}"
EndProject
Project("{FAE04EC0-301F-11D3-BF4B-00C04F79EFBC}") = "Microsoft.MixedReality.Toolkit.Gltf.Importers", "Microsoft.MixedReality.Toolkit.Gltf.Importers.csproj", "{76C5DFA7-6E24-7048-B9F6-7654FBFFB263}"
EndProject
Project("{FAE04EC0-301F-11D3-BF4B-00C04F79EFBC}") = "Microsoft.MixedReality.Toolkit.Editor.BuildAndDeploy", "Microsoft.MixedReality.Toolkit.Editor.BuildAndDeploy.csproj", "{313E1BBF-6A94-FC6E-0802-5B30679A4D85}"
EndProject
Project("{FAE04EC0-301F-11D3-BF4B-00C04F79EFBC}") = "PunDemos.DemoHubEditor", "PunDemos.DemoHubEditor.csproj", "{F7ADC9E8-1919-FBF9-DECD-AC5167F9BF06}"
EndProject
Project("{FAE04EC0-301F-11D3-BF4B-00C04F79EFBC}") = "PhotonUnityNetworking.Utilities.PhotonPlayer.Editor", "PhotonUnityNetworking.Utilities.PhotonPlayer.Editor.csproj", "{12307ED4-2833-F1F1-101F-EBC7E716E113}"
EndProject
Project("{FAE04EC0-301F-11D3-BF4B-00C04F79EFBC}") = "PhotonUnityNetworking.Utilities.Culling.Editor", "PhotonUnityNetworking.Utilities.Culling.Editor.csproj", "{6EA7FB6F-5949-D520-A87A-ACC8B33BBA6A}"
EndProject
Project("{FAE04EC0-301F-11D3-BF4B-00C04F79EFBC}") = "PunDemos.DemoSlotcarEditor", "PunDemos.DemoSlotcarEditor.csproj", "{E09746CB-D45A-0D4C-91AA-EAFC7939DED7}"
EndProject
Project("{FAE04EC0-301F-11D3-BF4B-00C04F79EFBC}") = "Microsoft.MixedReality.Toolkit.Services.InputSimulation.Editor", "Microsoft.MixedReality.Toolkit.Services.InputSimulation.Editor.csproj", "{D91FF336-F930-A2E7-990A-53FD2A98AC30}"
EndProject
Project("{FAE04EC0-301F-11D3-BF4B-00C04F79EFBC}") = "Microsoft.MixedReality.Toolkit.Demos.StandardShader.Inspectors", "Microsoft.MixedReality.Toolkit.Demos.StandardShader.Inspectors.csproj", "{4A2CD811-C2F8-778E-D732-563DAB98628A}"
EndProject
Project("{FAE04EC0-301F-11D3-BF4B-00C04F79EFBC}") = "Microsoft.MixedReality.Toolkit.Services.InputSystem.Editor", "Microsoft.MixedReality.Toolkit.Services.InputSystem.Editor.csproj", "{AE5BA51C-4F68-AB5B-F3DA-BE2AEBB628A6}"
EndProject
Project("{FAE04EC0-301F-11D3-BF4B-00C04F79EFBC}") = "Microsoft.MixedReality.Toolkit.Editor.ClassExtensions", "Microsoft.MixedReality.Toolkit.Editor.ClassExtensions.csproj", "{CC0CB04F-73B1-2328-0A83-7F965FCD85A3}"
EndProject
Project("{FAE04EC0-301F-11D3-BF4B-00C04F79EFBC}") = "Microsoft.MixedReality.Toolkit.Demos.Gltf.Inspectors", "Microsoft.MixedReality.Toolkit.Demos.Gltf.Inspectors.csproj", "{A7F7D529-7743-8B3D-CD4B-D698A8B2DDA2}"
EndProject
Project("{FAE04EC0-301F-11D3-BF4B-00C04F79EFBC}") = "Microsoft.MixedReality.Toolkit.Services.InputAnimation.Editor", "Microsoft.MixedReality.Toolkit.Services.InputAnimation.Editor.csproj", "{6A6598BE-CE7C-25C1-F511-C3C4CEF22AF4}"
EndProject
Global
	GlobalSection(SolutionConfigurationPlatforms) = preSolution
		Debug|Any CPU = Debug|Any CPU
		Release|Any CPU = Release|Any CPU
	EndGlobalSection
	GlobalSection(ProjectConfigurationPlatforms) = postSolution
		{B8690D6F-B9EE-AC42-3BB4-F8C996770570}.Debug|Any CPU.ActiveCfg = Debug|Any CPU
		{B8690D6F-B9EE-AC42-3BB4-F8C996770570}.Debug|Any CPU.Build.0 = Debug|Any CPU
		{B8690D6F-B9EE-AC42-3BB4-F8C996770570}.Release|Any CPU.ActiveCfg = Release|Any CPU
		{B8690D6F-B9EE-AC42-3BB4-F8C996770570}.Release|Any CPU.Build.0 = Release|Any CPU
		{D5A73573-1B92-4090-A4E5-D676132777D7}.Debug|Any CPU.ActiveCfg = Debug|Any CPU
		{D5A73573-1B92-4090-A4E5-D676132777D7}.Debug|Any CPU.Build.0 = Debug|Any CPU
		{D5A73573-1B92-4090-A4E5-D676132777D7}.Release|Any CPU.ActiveCfg = Release|Any CPU
		{D5A73573-1B92-4090-A4E5-D676132777D7}.Release|Any CPU.Build.0 = Release|Any CPU
		{92842433-4391-74E8-A453-D7B2F9F24ADA}.Debug|Any CPU.ActiveCfg = Debug|Any CPU
		{92842433-4391-74E8-A453-D7B2F9F24ADA}.Debug|Any CPU.Build.0 = Debug|Any CPU
		{92842433-4391-74E8-A453-D7B2F9F24ADA}.Release|Any CPU.ActiveCfg = Release|Any CPU
		{92842433-4391-74E8-A453-D7B2F9F24ADA}.Release|Any CPU.Build.0 = Release|Any CPU
		{C9E05CC0-BA05-37C2-435D-E7851C8009C2}.Debug|Any CPU.ActiveCfg = Debug|Any CPU
		{C9E05CC0-BA05-37C2-435D-E7851C8009C2}.Debug|Any CPU.Build.0 = Debug|Any CPU
		{C9E05CC0-BA05-37C2-435D-E7851C8009C2}.Release|Any CPU.ActiveCfg = Release|Any CPU
		{C9E05CC0-BA05-37C2-435D-E7851C8009C2}.Release|Any CPU.Build.0 = Release|Any CPU
		{64502ED2-4824-C82E-3128-3588ADC8E0B2}.Debug|Any CPU.ActiveCfg = Debug|Any CPU
		{64502ED2-4824-C82E-3128-3588ADC8E0B2}.Debug|Any CPU.Build.0 = Debug|Any CPU
		{64502ED2-4824-C82E-3128-3588ADC8E0B2}.Release|Any CPU.ActiveCfg = Release|Any CPU
		{64502ED2-4824-C82E-3128-3588ADC8E0B2}.Release|Any CPU.Build.0 = Release|Any CPU
		{5B0E7D72-D508-CA6A-3239-292C2347A063}.Debug|Any CPU.ActiveCfg = Debug|Any CPU
		{5B0E7D72-D508-CA6A-3239-292C2347A063}.Debug|Any CPU.Build.0 = Debug|Any CPU
		{5B0E7D72-D508-CA6A-3239-292C2347A063}.Release|Any CPU.ActiveCfg = Release|Any CPU
		{5B0E7D72-D508-CA6A-3239-292C2347A063}.Release|Any CPU.Build.0 = Release|Any CPU
		{1CE17854-D78A-B012-15E5-2BAFC421677A}.Debug|Any CPU.ActiveCfg = Debug|Any CPU
		{1CE17854-D78A-B012-15E5-2BAFC421677A}.Debug|Any CPU.Build.0 = Debug|Any CPU
		{1CE17854-D78A-B012-15E5-2BAFC421677A}.Release|Any CPU.ActiveCfg = Release|Any CPU
		{1CE17854-D78A-B012-15E5-2BAFC421677A}.Release|Any CPU.Build.0 = Release|Any CPU
		{FB361812-941D-5BE7-4B21-B563E98B87F8}.Debug|Any CPU.ActiveCfg = Debug|Any CPU
		{FB361812-941D-5BE7-4B21-B563E98B87F8}.Debug|Any CPU.Build.0 = Debug|Any CPU
		{FB361812-941D-5BE7-4B21-B563E98B87F8}.Release|Any CPU.ActiveCfg = Release|Any CPU
		{FB361812-941D-5BE7-4B21-B563E98B87F8}.Release|Any CPU.Build.0 = Release|Any CPU
		{2CDF5684-62EE-2ADD-3094-C8104A3E2F30}.Debug|Any CPU.ActiveCfg = Debug|Any CPU
		{2CDF5684-62EE-2ADD-3094-C8104A3E2F30}.Debug|Any CPU.Build.0 = Debug|Any CPU
		{2CDF5684-62EE-2ADD-3094-C8104A3E2F30}.Release|Any CPU.ActiveCfg = Release|Any CPU
		{2CDF5684-62EE-2ADD-3094-C8104A3E2F30}.Release|Any CPU.Build.0 = Release|Any CPU
		{20511038-5CCC-E9BF-4574-D2D65E42E21B}.Debug|Any CPU.ActiveCfg = Debug|Any CPU
		{20511038-5CCC-E9BF-4574-D2D65E42E21B}.Debug|Any CPU.Build.0 = Debug|Any CPU
		{20511038-5CCC-E9BF-4574-D2D65E42E21B}.Release|Any CPU.ActiveCfg = Release|Any CPU
		{20511038-5CCC-E9BF-4574-D2D65E42E21B}.Release|Any CPU.Build.0 = Release|Any CPU
		{1B2C4C9C-F290-81FD-EEE2-714DF51F56BA}.Debug|Any CPU.ActiveCfg = Debug|Any CPU
		{1B2C4C9C-F290-81FD-EEE2-714DF51F56BA}.Debug|Any CPU.Build.0 = Debug|Any CPU
		{1B2C4C9C-F290-81FD-EEE2-714DF51F56BA}.Release|Any CPU.ActiveCfg = Release|Any CPU
		{1B2C4C9C-F290-81FD-EEE2-714DF51F56BA}.Release|Any CPU.Build.0 = Release|Any CPU
		{81383DD1-BF77-D255-8369-F998B521F02F}.Debug|Any CPU.ActiveCfg = Debug|Any CPU
		{81383DD1-BF77-D255-8369-F998B521F02F}.Debug|Any CPU.Build.0 = Debug|Any CPU
		{81383DD1-BF77-D255-8369-F998B521F02F}.Release|Any CPU.ActiveCfg = Release|Any CPU
		{81383DD1-BF77-D255-8369-F998B521F02F}.Release|Any CPU.Build.0 = Release|Any CPU
		{23482A1F-DB1B-041E-5120-66CA0D24D55A}.Debug|Any CPU.ActiveCfg = Debug|Any CPU
		{23482A1F-DB1B-041E-5120-66CA0D24D55A}.Debug|Any CPU.Build.0 = Debug|Any CPU
		{23482A1F-DB1B-041E-5120-66CA0D24D55A}.Release|Any CPU.ActiveCfg = Release|Any CPU
		{23482A1F-DB1B-041E-5120-66CA0D24D55A}.Release|Any CPU.Build.0 = Release|Any CPU
		{7D0A7985-1E57-12B2-F97E-D90A04580E2C}.Debug|Any CPU.ActiveCfg = Debug|Any CPU
		{7D0A7985-1E57-12B2-F97E-D90A04580E2C}.Debug|Any CPU.Build.0 = Debug|Any CPU
		{7D0A7985-1E57-12B2-F97E-D90A04580E2C}.Release|Any CPU.ActiveCfg = Release|Any CPU
		{7D0A7985-1E57-12B2-F97E-D90A04580E2C}.Release|Any CPU.Build.0 = Release|Any CPU
		{3D424940-ED0B-CC3B-E26D-A2AC9438959D}.Debug|Any CPU.ActiveCfg = Debug|Any CPU
		{3D424940-ED0B-CC3B-E26D-A2AC9438959D}.Debug|Any CPU.Build.0 = Debug|Any CPU
		{3D424940-ED0B-CC3B-E26D-A2AC9438959D}.Release|Any CPU.ActiveCfg = Release|Any CPU
		{3D424940-ED0B-CC3B-E26D-A2AC9438959D}.Release|Any CPU.Build.0 = Release|Any CPU
		{2A50EB57-0E0E-5DB2-4F55-9302236065C1}.Debug|Any CPU.ActiveCfg = Debug|Any CPU
		{2A50EB57-0E0E-5DB2-4F55-9302236065C1}.Debug|Any CPU.Build.0 = Debug|Any CPU
		{2A50EB57-0E0E-5DB2-4F55-9302236065C1}.Release|Any CPU.ActiveCfg = Release|Any CPU
		{2A50EB57-0E0E-5DB2-4F55-9302236065C1}.Release|Any CPU.Build.0 = Release|Any CPU
		{B62438A7-BE5D-7CC8-06B1-C390677E2F27}.Debug|Any CPU.ActiveCfg = Debug|Any CPU
		{B62438A7-BE5D-7CC8-06B1-C390677E2F27}.Debug|Any CPU.Build.0 = Debug|Any CPU
		{B62438A7-BE5D-7CC8-06B1-C390677E2F27}.Release|Any CPU.ActiveCfg = Release|Any CPU
		{B62438A7-BE5D-7CC8-06B1-C390677E2F27}.Release|Any CPU.Build.0 = Release|Any CPU
		{C4875ABF-729E-5009-F0F0-B0D8E5E71D2C}.Debug|Any CPU.ActiveCfg = Debug|Any CPU
		{C4875ABF-729E-5009-F0F0-B0D8E5E71D2C}.Debug|Any CPU.Build.0 = Debug|Any CPU
		{C4875ABF-729E-5009-F0F0-B0D8E5E71D2C}.Release|Any CPU.ActiveCfg = Release|Any CPU
		{C4875ABF-729E-5009-F0F0-B0D8E5E71D2C}.Release|Any CPU.Build.0 = Release|Any CPU
		{2B39B067-E05D-D580-9C98-C7147C86361D}.Debug|Any CPU.ActiveCfg = Debug|Any CPU
		{2B39B067-E05D-D580-9C98-C7147C86361D}.Debug|Any CPU.Build.0 = Debug|Any CPU
		{2B39B067-E05D-D580-9C98-C7147C86361D}.Release|Any CPU.ActiveCfg = Release|Any CPU
		{2B39B067-E05D-D580-9C98-C7147C86361D}.Release|Any CPU.Build.0 = Release|Any CPU
		{DBEAEE29-1769-80C5-C590-A93FB7AFBB91}.Debug|Any CPU.ActiveCfg = Debug|Any CPU
		{DBEAEE29-1769-80C5-C590-A93FB7AFBB91}.Debug|Any CPU.Build.0 = Debug|Any CPU
		{DBEAEE29-1769-80C5-C590-A93FB7AFBB91}.Release|Any CPU.ActiveCfg = Release|Any CPU
		{DBEAEE29-1769-80C5-C590-A93FB7AFBB91}.Release|Any CPU.Build.0 = Release|Any CPU
		{4A3149D9-0B2C-7F08-831F-04D9FEAC0469}.Debug|Any CPU.ActiveCfg = Debug|Any CPU
		{4A3149D9-0B2C-7F08-831F-04D9FEAC0469}.Debug|Any CPU.Build.0 = Debug|Any CPU
		{4A3149D9-0B2C-7F08-831F-04D9FEAC0469}.Release|Any CPU.ActiveCfg = Release|Any CPU
		{4A3149D9-0B2C-7F08-831F-04D9FEAC0469}.Release|Any CPU.Build.0 = Release|Any CPU
		{B8C14FC0-59CC-1AB5-CA0A-DA6687B0DF32}.Debug|Any CPU.ActiveCfg = Debug|Any CPU
		{B8C14FC0-59CC-1AB5-CA0A-DA6687B0DF32}.Debug|Any CPU.Build.0 = Debug|Any CPU
		{B8C14FC0-59CC-1AB5-CA0A-DA6687B0DF32}.Release|Any CPU.ActiveCfg = Release|Any CPU
		{B8C14FC0-59CC-1AB5-CA0A-DA6687B0DF32}.Release|Any CPU.Build.0 = Release|Any CPU
		{ED9C6E34-D5EE-FB9A-88EF-0A942E2BB91D}.Debug|Any CPU.ActiveCfg = Debug|Any CPU
		{ED9C6E34-D5EE-FB9A-88EF-0A942E2BB91D}.Debug|Any CPU.Build.0 = Debug|Any CPU
		{ED9C6E34-D5EE-FB9A-88EF-0A942E2BB91D}.Release|Any CPU.ActiveCfg = Release|Any CPU
		{ED9C6E34-D5EE-FB9A-88EF-0A942E2BB91D}.Release|Any CPU.Build.0 = Release|Any CPU
		{C78FF2C1-8B33-757C-9CD6-9BE83BF94B74}.Debug|Any CPU.ActiveCfg = Debug|Any CPU
		{C78FF2C1-8B33-757C-9CD6-9BE83BF94B74}.Debug|Any CPU.Build.0 = Debug|Any CPU
		{C78FF2C1-8B33-757C-9CD6-9BE83BF94B74}.Release|Any CPU.ActiveCfg = Release|Any CPU
		{C78FF2C1-8B33-757C-9CD6-9BE83BF94B74}.Release|Any CPU.Build.0 = Release|Any CPU
		{B11AE88B-87CC-DE94-B28B-4800ACFFD4EB}.Debug|Any CPU.ActiveCfg = Debug|Any CPU
		{B11AE88B-87CC-DE94-B28B-4800ACFFD4EB}.Debug|Any CPU.Build.0 = Debug|Any CPU
		{B11AE88B-87CC-DE94-B28B-4800ACFFD4EB}.Release|Any CPU.ActiveCfg = Release|Any CPU
		{B11AE88B-87CC-DE94-B28B-4800ACFFD4EB}.Release|Any CPU.Build.0 = Release|Any CPU
		{0BF9E50A-3B4F-9494-3868-6D2D4F435C45}.Debug|Any CPU.ActiveCfg = Debug|Any CPU
		{0BF9E50A-3B4F-9494-3868-6D2D4F435C45}.Debug|Any CPU.Build.0 = Debug|Any CPU
		{0BF9E50A-3B4F-9494-3868-6D2D4F435C45}.Release|Any CPU.ActiveCfg = Release|Any CPU
		{0BF9E50A-3B4F-9494-3868-6D2D4F435C45}.Release|Any CPU.Build.0 = Release|Any CPU
		{940D276B-003F-35CF-F2C0-934554D24A6B}.Debug|Any CPU.ActiveCfg = Debug|Any CPU
		{940D276B-003F-35CF-F2C0-934554D24A6B}.Debug|Any CPU.Build.0 = Debug|Any CPU
		{940D276B-003F-35CF-F2C0-934554D24A6B}.Release|Any CPU.ActiveCfg = Release|Any CPU
		{940D276B-003F-35CF-F2C0-934554D24A6B}.Release|Any CPU.Build.0 = Release|Any CPU
		{00DA0C3C-5793-75E6-D21D-9D29A64A4AB5}.Debug|Any CPU.ActiveCfg = Debug|Any CPU
		{00DA0C3C-5793-75E6-D21D-9D29A64A4AB5}.Debug|Any CPU.Build.0 = Debug|Any CPU
		{00DA0C3C-5793-75E6-D21D-9D29A64A4AB5}.Release|Any CPU.ActiveCfg = Release|Any CPU
		{00DA0C3C-5793-75E6-D21D-9D29A64A4AB5}.Release|Any CPU.Build.0 = Release|Any CPU
		{E5F217A6-2EC5-6FF1-0F41-89D099139142}.Debug|Any CPU.ActiveCfg = Debug|Any CPU
		{E5F217A6-2EC5-6FF1-0F41-89D099139142}.Debug|Any CPU.Build.0 = Debug|Any CPU
		{E5F217A6-2EC5-6FF1-0F41-89D099139142}.Release|Any CPU.ActiveCfg = Release|Any CPU
		{E5F217A6-2EC5-6FF1-0F41-89D099139142}.Release|Any CPU.Build.0 = Release|Any CPU
		{B5EC5EA0-5ECA-6856-68D7-BE9D33E9CA13}.Debug|Any CPU.ActiveCfg = Debug|Any CPU
		{B5EC5EA0-5ECA-6856-68D7-BE9D33E9CA13}.Debug|Any CPU.Build.0 = Debug|Any CPU
		{B5EC5EA0-5ECA-6856-68D7-BE9D33E9CA13}.Release|Any CPU.ActiveCfg = Release|Any CPU
		{B5EC5EA0-5ECA-6856-68D7-BE9D33E9CA13}.Release|Any CPU.Build.0 = Release|Any CPU
		{33CD9610-CA54-8987-9F48-4178A35C2238}.Debug|Any CPU.ActiveCfg = Debug|Any CPU
		{33CD9610-CA54-8987-9F48-4178A35C2238}.Debug|Any CPU.Build.0 = Debug|Any CPU
		{33CD9610-CA54-8987-9F48-4178A35C2238}.Release|Any CPU.ActiveCfg = Release|Any CPU
		{33CD9610-CA54-8987-9F48-4178A35C2238}.Release|Any CPU.Build.0 = Release|Any CPU
		{5C7CCAD9-2C7C-DD3C-1DDC-7BB8B55ECF83}.Debug|Any CPU.ActiveCfg = Debug|Any CPU
		{5C7CCAD9-2C7C-DD3C-1DDC-7BB8B55ECF83}.Debug|Any CPU.Build.0 = Debug|Any CPU
		{5C7CCAD9-2C7C-DD3C-1DDC-7BB8B55ECF83}.Release|Any CPU.ActiveCfg = Release|Any CPU
		{5C7CCAD9-2C7C-DD3C-1DDC-7BB8B55ECF83}.Release|Any CPU.Build.0 = Release|Any CPU
		{92BE3482-78E6-6AD9-6DA9-0FE957C6967C}.Debug|Any CPU.ActiveCfg = Debug|Any CPU
		{92BE3482-78E6-6AD9-6DA9-0FE957C6967C}.Debug|Any CPU.Build.0 = Debug|Any CPU
		{92BE3482-78E6-6AD9-6DA9-0FE957C6967C}.Release|Any CPU.ActiveCfg = Release|Any CPU
		{92BE3482-78E6-6AD9-6DA9-0FE957C6967C}.Release|Any CPU.Build.0 = Release|Any CPU
		{E49EE4D7-E60A-F09E-0754-C9FBD2F3FF5E}.Debug|Any CPU.ActiveCfg = Debug|Any CPU
		{E49EE4D7-E60A-F09E-0754-C9FBD2F3FF5E}.Debug|Any CPU.Build.0 = Debug|Any CPU
		{E49EE4D7-E60A-F09E-0754-C9FBD2F3FF5E}.Release|Any CPU.ActiveCfg = Release|Any CPU
		{E49EE4D7-E60A-F09E-0754-C9FBD2F3FF5E}.Release|Any CPU.Build.0 = Release|Any CPU
		{4CC05607-9F5A-319F-5788-CC5AD87E10D5}.Debug|Any CPU.ActiveCfg = Debug|Any CPU
		{4CC05607-9F5A-319F-5788-CC5AD87E10D5}.Debug|Any CPU.Build.0 = Debug|Any CPU
		{4CC05607-9F5A-319F-5788-CC5AD87E10D5}.Release|Any CPU.ActiveCfg = Release|Any CPU
		{4CC05607-9F5A-319F-5788-CC5AD87E10D5}.Release|Any CPU.Build.0 = Release|Any CPU
		{76C5DFA7-6E24-7048-B9F6-7654FBFFB263}.Debug|Any CPU.ActiveCfg = Debug|Any CPU
		{76C5DFA7-6E24-7048-B9F6-7654FBFFB263}.Debug|Any CPU.Build.0 = Debug|Any CPU
		{76C5DFA7-6E24-7048-B9F6-7654FBFFB263}.Release|Any CPU.ActiveCfg = Release|Any CPU
		{76C5DFA7-6E24-7048-B9F6-7654FBFFB263}.Release|Any CPU.Build.0 = Release|Any CPU
		{313E1BBF-6A94-FC6E-0802-5B30679A4D85}.Debug|Any CPU.ActiveCfg = Debug|Any CPU
		{313E1BBF-6A94-FC6E-0802-5B30679A4D85}.Debug|Any CPU.Build.0 = Debug|Any CPU
		{313E1BBF-6A94-FC6E-0802-5B30679A4D85}.Release|Any CPU.ActiveCfg = Release|Any CPU
		{313E1BBF-6A94-FC6E-0802-5B30679A4D85}.Release|Any CPU.Build.0 = Release|Any CPU
		{F7ADC9E8-1919-FBF9-DECD-AC5167F9BF06}.Debug|Any CPU.ActiveCfg = Debug|Any CPU
		{F7ADC9E8-1919-FBF9-DECD-AC5167F9BF06}.Debug|Any CPU.Build.0 = Debug|Any CPU
		{F7ADC9E8-1919-FBF9-DECD-AC5167F9BF06}.Release|Any CPU.ActiveCfg = Release|Any CPU
		{F7ADC9E8-1919-FBF9-DECD-AC5167F9BF06}.Release|Any CPU.Build.0 = Release|Any CPU
		{12307ED4-2833-F1F1-101F-EBC7E716E113}.Debug|Any CPU.ActiveCfg = Debug|Any CPU
		{12307ED4-2833-F1F1-101F-EBC7E716E113}.Debug|Any CPU.Build.0 = Debug|Any CPU
		{12307ED4-2833-F1F1-101F-EBC7E716E113}.Release|Any CPU.ActiveCfg = Release|Any CPU
		{12307ED4-2833-F1F1-101F-EBC7E716E113}.Release|Any CPU.Build.0 = Release|Any CPU
		{6EA7FB6F-5949-D520-A87A-ACC8B33BBA6A}.Debug|Any CPU.ActiveCfg = Debug|Any CPU
		{6EA7FB6F-5949-D520-A87A-ACC8B33BBA6A}.Debug|Any CPU.Build.0 = Debug|Any CPU
		{6EA7FB6F-5949-D520-A87A-ACC8B33BBA6A}.Release|Any CPU.ActiveCfg = Release|Any CPU
		{6EA7FB6F-5949-D520-A87A-ACC8B33BBA6A}.Release|Any CPU.Build.0 = Release|Any CPU
		{E09746CB-D45A-0D4C-91AA-EAFC7939DED7}.Debug|Any CPU.ActiveCfg = Debug|Any CPU
		{E09746CB-D45A-0D4C-91AA-EAFC7939DED7}.Debug|Any CPU.Build.0 = Debug|Any CPU
		{E09746CB-D45A-0D4C-91AA-EAFC7939DED7}.Release|Any CPU.ActiveCfg = Release|Any CPU
		{E09746CB-D45A-0D4C-91AA-EAFC7939DED7}.Release|Any CPU.Build.0 = Release|Any CPU
		{D91FF336-F930-A2E7-990A-53FD2A98AC30}.Debug|Any CPU.ActiveCfg = Debug|Any CPU
		{D91FF336-F930-A2E7-990A-53FD2A98AC30}.Debug|Any CPU.Build.0 = Debug|Any CPU
		{D91FF336-F930-A2E7-990A-53FD2A98AC30}.Release|Any CPU.ActiveCfg = Release|Any CPU
		{D91FF336-F930-A2E7-990A-53FD2A98AC30}.Release|Any CPU.Build.0 = Release|Any CPU
		{4A2CD811-C2F8-778E-D732-563DAB98628A}.Debug|Any CPU.ActiveCfg = Debug|Any CPU
		{4A2CD811-C2F8-778E-D732-563DAB98628A}.Debug|Any CPU.Build.0 = Debug|Any CPU
		{4A2CD811-C2F8-778E-D732-563DAB98628A}.Release|Any CPU.ActiveCfg = Release|Any CPU
		{4A2CD811-C2F8-778E-D732-563DAB98628A}.Release|Any CPU.Build.0 = Release|Any CPU
		{AE5BA51C-4F68-AB5B-F3DA-BE2AEBB628A6}.Debug|Any CPU.ActiveCfg = Debug|Any CPU
		{AE5BA51C-4F68-AB5B-F3DA-BE2AEBB628A6}.Debug|Any CPU.Build.0 = Debug|Any CPU
		{AE5BA51C-4F68-AB5B-F3DA-BE2AEBB628A6}.Release|Any CPU.ActiveCfg = Release|Any CPU
		{AE5BA51C-4F68-AB5B-F3DA-BE2AEBB628A6}.Release|Any CPU.Build.0 = Release|Any CPU
		{CC0CB04F-73B1-2328-0A83-7F965FCD85A3}.Debug|Any CPU.ActiveCfg = Debug|Any CPU
		{CC0CB04F-73B1-2328-0A83-7F965FCD85A3}.Debug|Any CPU.Build.0 = Debug|Any CPU
		{CC0CB04F-73B1-2328-0A83-7F965FCD85A3}.Release|Any CPU.ActiveCfg = Release|Any CPU
		{CC0CB04F-73B1-2328-0A83-7F965FCD85A3}.Release|Any CPU.Build.0 = Release|Any CPU
		{A7F7D529-7743-8B3D-CD4B-D698A8B2DDA2}.Debug|Any CPU.ActiveCfg = Debug|Any CPU
		{A7F7D529-7743-8B3D-CD4B-D698A8B2DDA2}.Debug|Any CPU.Build.0 = Debug|Any CPU
		{A7F7D529-7743-8B3D-CD4B-D698A8B2DDA2}.Release|Any CPU.ActiveCfg = Release|Any CPU
		{A7F7D529-7743-8B3D-CD4B-D698A8B2DDA2}.Release|Any CPU.Build.0 = Release|Any CPU
		{6A6598BE-CE7C-25C1-F511-C3C4CEF22AF4}.Debug|Any CPU.ActiveCfg = Debug|Any CPU
		{6A6598BE-CE7C-25C1-F511-C3C4CEF22AF4}.Debug|Any CPU.Build.0 = Debug|Any CPU
		{6A6598BE-CE7C-25C1-F511-C3C4CEF22AF4}.Release|Any CPU.ActiveCfg = Release|Any CPU
		{6A6598BE-CE7C-25C1-F511-C3C4CEF22AF4}.Release|Any CPU.Build.0 = Release|Any CPU
	EndGlobalSection
	GlobalSection(SolutionProperties) = preSolution
		HideSolutionNode = FALSE
	EndGlobalSection
	GlobalSection(MonoDevelopProperties) = preSolution
		StartupItem = Assembly-CSharp.csproj
	EndGlobalSection
EndGlobal
